{
  "originHash" : "1ac530ee7010447d5385781a964f5cc0aa283ba7cf57287a3b6168064f9d7050",
  "pins" : [
    {
      "identity" : "networkimage",
      "kind" : "remoteSourceControl",
      "location" : "https://github.com/gonzalezreal/NetworkImage",
      "state" : {
        "revision" : "2849f5323265386e200484b0d0f896e73c3411b9",
        "version" : "6.0.1"
      }
    },
    {
      "identity" : "swift-argument-parser",
      "kind" : "remoteSourceControl",
      "location" : "https://github.com/apple/swift-argument-parser",
      "state" : {
        "revision" : "6a52f3251125d74daf04fcbd5e6f08a75d074382",
        "version" : "1.8.2"
      }
    },
    {
      "identity" : "swift-cmark",
      "kind" : "remoteSourceControl",
      "location" : "https://github.com/swiftlang/swift-cmark",
      "state" : {
        "revision" : "5d9bdaa4228b381639fff09403e39a04926e2dbe",
        "version" : "0.7.1"
      }
    },
    {
      "identity" : "swift-markdown-ui",
      "kind" : "remoteSourceControl",
      "location" : "https://github.com/gonzalezreal/swift-markdown-ui",
      "state" : {
        "revision" : "5f613358148239d0292c0cef674a3c2314737f9e",
        "version" : "2.4.1"
      }
    },
    {
      "identity" : "swiftterm",
      "kind" : "remoteSourceControl",
      "location" : "https://github.com/bobbyski/SwiftTerm.git",
      "state" : {
        "revision" : "27c832459ff0cb5fcad7e726d00f5f6a7b529cb3",
        "version" : "1.1.2"
      }
    },
    {
      "identity" : "vectorterminalsdk",
      "kind" : "remoteSourceControl",
      "location" : "https://github.com/bobbyski/VectorTerminalSDK.git",
      "state" : {
        "revision" : "474235fb0f379645dd954d12f1a9146f0e991e3d",
        "version" : "1.1.2"
      }
    }
  ],
  "version" : 3
}
