{
  "originHash" : "687112755c41d72ead545ac587bf200e39bfa9e5845b955e6bf0c7eebab4b808",
  "pins" : [
    {
      "identity" : "networkimage",
      "kind" : "remoteSourceControl",
      "location" : "https://github.com/gonzalezreal/NetworkImage",
      "state" : {
        "revision" : "2849f5323265386e200484b0d0f896e73c3411b9",
        "version" : "6.0.1"
      }
    },
    {
      "identity" : "swift-argument-parser",
      "kind" : "remoteSourceControl",
      "location" : "https://github.com/apple/swift-argument-parser",
      "state" : {
        "revision" : "6a52f3251125d74daf04fcbd5e6f08a75d074382",
        "version" : "1.8.2"
      }
    },
    {
      "identity" : "swift-cmark",
      "kind" : "remoteSourceControl",
      "location" : "https://github.com/swiftlang/swift-cmark",
      "state" : {
        "revision" : "5d9bdaa4228b381639fff09403e39a04926e2dbe",
        "version" : "0.7.1"
      }
    },
    {
      "identity" : "swift-markdown-ui",
      "kind" : "remoteSourceControl",
      "location" : "https://github.com/gonzalezreal/swift-markdown-ui",
      "state" : {
        "revision" : "5f613358148239d0292c0cef674a3c2314737f9e",
        "version" : "2.4.1"
      }
    },
    {
      "identity" : "swiftterm",
      "kind" : "remoteSourceControl",
      "location" : "https://github.com/bobbyski/SwiftTerm.git",
      "state" : {
        "revision" : "e9f20ed0353e7c986face04edde2c0741d3d7a89",
        "version" : "1.5.5"
      }
    },
    {
      "identity" : "vectorterminalsdk",
      "kind" : "remoteSourceControl",
      "location" : "https://github.com/bobbyski/VectorTerminalSDK.git",
      "state" : {
        "revision" : "27ee2487ca467ffb19fd515eb889dcb26998088f",
        "version" : "1.5.5"
      }
    }
  ],
  "version" : 3
}
