{
  "originHash" : "1f6a4b5f5ba067ab3ebe5996f294a93faa9eb47ac5f0b7e5de9a1e5b6ccd3c6f",
  "pins" : [
    {
      "identity" : "networkimage",
      "kind" : "remoteSourceControl",
      "location" : "https://github.com/gonzalezreal/NetworkImage",
      "state" : {
        "revision" : "2849f5323265386e200484b0d0f896e73c3411b9",
        "version" : "6.0.1"
      }
    },
    {
      "identity" : "swift-argument-parser",
      "kind" : "remoteSourceControl",
      "location" : "https://github.com/apple/swift-argument-parser",
      "state" : {
        "revision" : "6a52f3251125d74daf04fcbd5e6f08a75d074382",
        "version" : "1.8.2"
      }
    },
    {
      "identity" : "swift-cmark",
      "kind" : "remoteSourceControl",
      "location" : "https://github.com/swiftlang/swift-cmark",
      "state" : {
        "revision" : "5d9bdaa4228b381639fff09403e39a04926e2dbe",
        "version" : "0.7.1"
      }
    },
    {
      "identity" : "swift-markdown-ui",
      "kind" : "remoteSourceControl",
      "location" : "https://github.com/gonzalezreal/swift-markdown-ui",
      "state" : {
        "revision" : "5f613358148239d0292c0cef674a3c2314737f9e",
        "version" : "2.4.1"
      }
    },
    {
      "identity" : "swiftterm",
      "kind" : "remoteSourceControl",
      "location" : "https://github.com/bobbyski/SwiftTerm.git",
      "state" : {
        "revision" : "0bd1e82954a96819373928cc0a23e2c97bbd1037",
        "version" : "1.5.4"
      }
    },
    {
      "identity" : "vectorterminalsdk",
      "kind" : "remoteSourceControl",
      "location" : "https://github.com/bobbyski/VectorTerminalSDK.git",
      "state" : {
        "revision" : "39f89f4e62a9d2c0941319648f8818135c220d81",
        "version" : "1.5.4"
      }
    }
  ],
  "version" : 3
}
