// !$*UTF8*$!
{
	archiveVersion = 1;
	classes = {
	};
	objectVersion = 77;
	objects = {

/* Begin PBXBuildFile section */
		0057004C4A2148E02E99D2A2 /* LogPane.swift in Sources */ = {isa = PBXBuildFile; fileRef = DB6405A0933EA2491CDDF863 /* LogPane.swift */; };
		123CBE58C61DD88B7D7D1E3A /* UserDocumentationPane.swift in Sources */ = {isa = PBXBuildFile; fileRef = 22C134A50A2186A84C4E7BDE /* UserDocumentationPane.swift */; };
		2119DDFCA1CE58512F67C90A /* StudioTypes.swift in Sources */ = {isa = PBXBuildFile; fileRef = 4374AC2CA731F78F135C262B /* StudioTypes.swift */; };
		2A28D7C1DE29AE611A5FCB7E /* StudioFonts.swift in Sources */ = {isa = PBXBuildFile; fileRef = A38AB3D82C7A880B72971A1D /* StudioFonts.swift */; };
		34689C416CEB23C25E5C8455 /* NerdPromptEditorView.swift in Sources */ = {isa = PBXBuildFile; fileRef = 8A5D3DAABA1BA032F3E7B507 /* NerdPromptEditorView.swift */; };
		3B2F5ADAD0C26B6619742F8A /* StudioModel.swift in Sources */ = {isa = PBXBuildFile; fileRef = 6AB855670D7A6C23AA4BC7AC /* StudioModel.swift */; };
		43F22C7C5E351E6D8886C112 /* DebugPane.swift in Sources */ = {isa = PBXBuildFile; fileRef = F768CDEF475FDA4603BD917D /* DebugPane.swift */; };
		4E55CE31851BF0FD6FFCB6D1 /* StudioInputCoordinator.swift in Sources */ = {isa = PBXBuildFile; fileRef = C8E4CEA6BE44158D1A14A993 /* StudioInputCoordinator.swift */; };
		4F380BBEF0DDB5FAEC79AF58 /* SwiftTerm in Frameworks */ = {isa = PBXBuildFile; productRef = 130A03B0A453DD5074363E15 /* SwiftTerm */; };
		55AA22B456CC0B14F3F85659 /* Assets.xcassets in Resources */ = {isa = PBXBuildFile; fileRef = 3F0871282F50834880A591A8 /* Assets.xcassets */; };
		693D21E373FDDEE4439DCFF6 /* StudioModelHostConformance.swift in Sources */ = {isa = PBXBuildFile; fileRef = 338C8D7C152FF259259BC8FA /* StudioModelHostConformance.swift */; };
		7091141BEB6366B0BF388EC6 /* Fonts in Resources */ = {isa = PBXBuildFile; fileRef = B28A38404D59414EADD295C5 /* Fonts */; };
		74D0835107EBA56BF18A331D /* VectorTerminalSDK in Frameworks */ = {isa = PBXBuildFile; productRef = 21507555AB51C2FBB797BF22 /* VectorTerminalSDK */; };
		8D89B2C60ED71E15D0CBBA80 /* MonacoEditor.swift in Sources */ = {isa = PBXBuildFile; fileRef = 0CB8284FB31709C1BD017047 /* MonacoEditor.swift */; };
		986C8F3DCC540D2F65EF5187 /* StudioView.swift in Sources */ = {isa = PBXBuildFile; fileRef = E0BE4DFD00F4A6EE959D4034 /* StudioView.swift */; };
		9965B7A9DBA91E2EF9F92322 /* BASICStudio.swift in Sources */ = {isa = PBXBuildFile; fileRef = 97D345D0E032E06BB808DA86 /* BASICStudio.swift */; };
		A5649F7AFD7F4B2280225D03 /* SwiftTermGraphicsConsole.swift in Sources */ = {isa = PBXBuildFile; fileRef = 7B61BB4FEA96B70879A4BE26 /* SwiftTermGraphicsConsole.swift */; };
		AE5E41C53A99364CDA4C82E6 /* Demos in Resources */ = {isa = PBXBuildFile; fileRef = 96CA444014E259C30BE4F365 /* Demos */; };
		B0B26D83A69449507033F56B /* Assets in Resources */ = {isa = PBXBuildFile; fileRef = 9C9B2EE479C7AD1539AEB20B /* Assets */; };
		BF42A79B77B89643F0C31695 /* MarkdownUI in Frameworks */ = {isa = PBXBuildFile; productRef = EF38E292B830FC5A0F76CE1D /* MarkdownUI */; };
		C08D96C34D79759D44AF4197 /* BASICStudioApp.swift in Sources */ = {isa = PBXBuildFile; fileRef = 1F6A9B51D88CAE3608DEFB6C /* BASICStudioApp.swift */; };
		CE457D4D17903D667C245493 /* StudioSettings.swift in Sources */ = {isa = PBXBuildFile; fileRef = 5472221B9FB79FDAA9BB355A /* StudioSettings.swift */; };
		DA07E45DC52C19B2820ECD8E /* BASICCore in Frameworks */ = {isa = PBXBuildFile; productRef = A5E611364F88C87B9EAAD4AF /* BASICCore */; };
		FFB04B116964DB84B8244602 /* GraphicsFramebuffer.swift in Sources */ = {isa = PBXBuildFile; fileRef = 9C96E9F50B74F255489C86A6 /* GraphicsFramebuffer.swift */; };
/* End PBXBuildFile section */

/* Begin PBXFileReference section */
		0CB8284FB31709C1BD017047 /* MonacoEditor.swift */ = {isa = PBXFileReference; lastKnownFileType = sourcecode.swift; path = MonacoEditor.swift; sourceTree = "<group>"; };
		1F6A9B51D88CAE3608DEFB6C /* BASICStudioApp.swift */ = {isa = PBXFileReference; lastKnownFileType = sourcecode.swift; path = BASICStudioApp.swift; sourceTree = "<group>"; };
		22C134A50A2186A84C4E7BDE /* UserDocumentationPane.swift */ = {isa = PBXFileReference; lastKnownFileType = sourcecode.swift; path = UserDocumentationPane.swift; sourceTree = "<group>"; };
		2F75838E7973F9367D5B0837 /* BASICCore */ = {isa = PBXFileReference; lastKnownFileType = folder; name = BASICCore; path = ../BASICCore; sourceTree = SOURCE_ROOT; };
		338C8D7C152FF259259BC8FA /* StudioModelHostConformance.swift */ = {isa = PBXFileReference; lastKnownFileType = sourcecode.swift; path = StudioModelHostConformance.swift; sourceTree = "<group>"; };
		393A6113D352F2C1DAC75002 /* BASICStudio.app */ = {isa = PBXFileReference; explicitFileType = wrapper.application; includeInIndex = 0; path = BASICStudio.app; sourceTree = BUILT_PRODUCTS_DIR; };
		3F0871282F50834880A591A8 /* Assets.xcassets */ = {isa = PBXFileReference; lastKnownFileType = folder.assetcatalog; path = Assets.xcassets; sourceTree = "<group>"; };
		4374AC2CA731F78F135C262B /* StudioTypes.swift */ = {isa = PBXFileReference; lastKnownFileType = sourcecode.swift; path = StudioTypes.swift; sourceTree = "<group>"; };
		5472221B9FB79FDAA9BB355A /* StudioSettings.swift */ = {isa = PBXFileReference; lastKnownFileType = sourcecode.swift; path = StudioSettings.swift; sourceTree = "<group>"; };
		6AB855670D7A6C23AA4BC7AC /* StudioModel.swift */ = {isa = PBXFileReference; lastKnownFileType = sourcecode.swift; path = StudioModel.swift; sourceTree = "<group>"; };
		7B61BB4FEA96B70879A4BE26 /* SwiftTermGraphicsConsole.swift */ = {isa = PBXFileReference; lastKnownFileType = sourcecode.swift; path = SwiftTermGraphicsConsole.swift; sourceTree = "<group>"; };
		8A5D3DAABA1BA032F3E7B507 /* NerdPromptEditorView.swift */ = {isa = PBXFileReference; lastKnownFileType = sourcecode.swift; path = NerdPromptEditorView.swift; sourceTree = "<group>"; };
		96CA444014E259C30BE4F365 /* Demos */ = {isa = PBXFileReference; lastKnownFileType = folder; name = Demos; path = Sources/BASICStudio/Resources/Demos; sourceTree = SOURCE_ROOT; };
		97D345D0E032E06BB808DA86 /* BASICStudio.swift */ = {isa = PBXFileReference; lastKnownFileType = sourcecode.swift; path = BASICStudio.swift; sourceTree = "<group>"; };
		9C96E9F50B74F255489C86A6 /* GraphicsFramebuffer.swift */ = {isa = PBXFileReference; lastKnownFileType = sourcecode.swift; path = GraphicsFramebuffer.swift; sourceTree = "<group>"; };
		9C9B2EE479C7AD1539AEB20B /* Assets */ = {isa = PBXFileReference; lastKnownFileType = folder; name = Assets; path = Sources/BASICStudio/Resources/Assets; sourceTree = SOURCE_ROOT; };
		A38AB3D82C7A880B72971A1D /* StudioFonts.swift */ = {isa = PBXFileReference; lastKnownFileType = sourcecode.swift; path = StudioFonts.swift; sourceTree = "<group>"; };
		B28A38404D59414EADD295C5 /* Fonts */ = {isa = PBXFileReference; lastKnownFileType = folder; name = Fonts; path = Sources/BASICStudio/Resources/Fonts; sourceTree = SOURCE_ROOT; };
		C8E4CEA6BE44158D1A14A993 /* StudioInputCoordinator.swift */ = {isa = PBXFileReference; lastKnownFileType = sourcecode.swift; path = StudioInputCoordinator.swift; sourceTree = "<group>"; };
		DB6405A0933EA2491CDDF863 /* LogPane.swift */ = {isa = PBXFileReference; lastKnownFileType = sourcecode.swift; path = LogPane.swift; sourceTree = "<group>"; };
		E0BE4DFD00F4A6EE959D4034 /* StudioView.swift */ = {isa = PBXFileReference; lastKnownFileType = sourcecode.swift; path = StudioView.swift; sourceTree = "<group>"; };
		F768CDEF475FDA4603BD917D /* DebugPane.swift */ = {isa = PBXFileReference; lastKnownFileType = sourcecode.swift; path = DebugPane.swift; sourceTree = "<group>"; };
/* End PBXFileReference section */

/* Begin PBXFrameworksBuildPhase section */
		26883428C25C965E16812B4B /* Frameworks */ = {
			isa = PBXFrameworksBuildPhase;
			buildActionMask = 2147483647;
			files = (
				DA07E45DC52C19B2820ECD8E /* BASICCore in Frameworks */,
				4F380BBEF0DDB5FAEC79AF58 /* SwiftTerm in Frameworks */,
				74D0835107EBA56BF18A331D /* VectorTerminalSDK in Frameworks */,
				BF42A79B77B89643F0C31695 /* MarkdownUI in Frameworks */,
			);
			runOnlyForDeploymentPostprocessing = 0;
		};
/* End PBXFrameworksBuildPhase section */

/* Begin PBXGroup section */
		105417A0EC732F96246ADE77 /* Products */ = {
			isa = PBXGroup;
			children = (
				393A6113D352F2C1DAC75002 /* BASICStudio.app */,
			);
			name = Products;
			sourceTree = "<group>";
		};
		33D3943C856DFB9A192C4330 /* Resources */ = {
			isa = PBXGroup;
			children = (
				9C9B2EE479C7AD1539AEB20B /* Assets */,
				3F0871282F50834880A591A8 /* Assets.xcassets */,
				96CA444014E259C30BE4F365 /* Demos */,
				B28A38404D59414EADD295C5 /* Fonts */,
			);
			path = Resources;
			sourceTree = "<group>";
		};
		69210688B530071286A985B4 /* Packages */ = {
			isa = PBXGroup;
			children = (
				2F75838E7973F9367D5B0837 /* BASICCore */,
			);
			name = Packages;
			sourceTree = "<group>";
		};
		883262CA887E26D7AAEE209F = {
			isa = PBXGroup;
			children = (
				69210688B530071286A985B4 /* Packages */,
				8CFC1FC8D3751109F245ACC0 /* Sources */,
				105417A0EC732F96246ADE77 /* Products */,
			);
			sourceTree = "<group>";
		};
		8CFC1FC8D3751109F245ACC0 /* Sources */ = {
			isa = PBXGroup;
			children = (
				B0DE3C2FBCEC82024D7114EA /* BASICStudio */,
			);
			path = Sources;
			sourceTree = "<group>";
		};
		B0DE3C2FBCEC82024D7114EA /* BASICStudio */ = {
			isa = PBXGroup;
			children = (
				97D345D0E032E06BB808DA86 /* BASICStudio.swift */,
				1F6A9B51D88CAE3608DEFB6C /* BASICStudioApp.swift */,
				F768CDEF475FDA4603BD917D /* DebugPane.swift */,
				9C96E9F50B74F255489C86A6 /* GraphicsFramebuffer.swift */,
				DB6405A0933EA2491CDDF863 /* LogPane.swift */,
				0CB8284FB31709C1BD017047 /* MonacoEditor.swift */,
				A38AB3D82C7A880B72971A1D /* StudioFonts.swift */,
				C8E4CEA6BE44158D1A14A993 /* StudioInputCoordinator.swift */,
				6AB855670D7A6C23AA4BC7AC /* StudioModel.swift */,
				338C8D7C152FF259259BC8FA /* StudioModelHostConformance.swift */,
				5472221B9FB79FDAA9BB355A /* StudioSettings.swift */,
				4374AC2CA731F78F135C262B /* StudioTypes.swift */,
				E0BE4DFD00F4A6EE959D4034 /* StudioView.swift */,
				7B61BB4FEA96B70879A4BE26 /* SwiftTermGraphicsConsole.swift */,
				22C134A50A2186A84C4E7BDE /* UserDocumentationPane.swift */,
				BE666396AA58CBDE82B152A4 /* NerdPromptEditorView */,
				33D3943C856DFB9A192C4330 /* Resources */,
			);
			path = BASICStudio;
			sourceTree = "<group>";
		};
		BE666396AA58CBDE82B152A4 /* NerdPromptEditorView */ = {
			isa = PBXGroup;
			children = (
				8A5D3DAABA1BA032F3E7B507 /* NerdPromptEditorView.swift */,
			);
			path = NerdPromptEditorView;
			sourceTree = "<group>";
		};
/* End PBXGroup section */

/* Begin PBXNativeTarget section */
		6AA116F04F4DDCF4C7256D35 /* BASICStudio */ = {
			isa = PBXNativeTarget;
			buildConfigurationList = AF7ACD93A0F8AE5CE7518E54 /* Build configuration list for PBXNativeTarget "BASICStudio" */;
			buildPhases = (
				77AECDD00CF9988949BD91C8 /* Sources */,
				F1646155685F33C904BB9409 /* Resources */,
				26883428C25C965E16812B4B /* Frameworks */,
			);
			buildRules = (
			);
			dependencies = (
			);
			name = BASICStudio;
			packageProductDependencies = (
				A5E611364F88C87B9EAAD4AF /* BASICCore */,
				130A03B0A453DD5074363E15 /* SwiftTerm */,
				21507555AB51C2FBB797BF22 /* VectorTerminalSDK */,
				EF38E292B830FC5A0F76CE1D /* MarkdownUI */,
			);
			productName = BASICStudio;
			productReference = 393A6113D352F2C1DAC75002 /* BASICStudio.app */;
			productType = "com.apple.product-type.application";
		};
/* End PBXNativeTarget section */

/* Begin PBXProject section */
		70F0BCEAC4CE73C929655E60 /* Project object */ = {
			isa = PBXProject;
			attributes = {
				BuildIndependentTargetsInParallel = YES;
				LastUpgradeCheck = 1430;
				TargetAttributes = {
					6AA116F04F4DDCF4C7256D35 = {
						ProvisioningStyle = Automatic;
					};
				};
			};
			buildConfigurationList = 528EEB4651693307F4A5BB54 /* Build configuration list for PBXProject "BASICStudio" */;
			developmentRegion = en;
			hasScannedForEncodings = 0;
			knownRegions = (
				Base,
				en,
			);
			mainGroup = 883262CA887E26D7AAEE209F;
			minimizedProjectReferenceProxies = 1;
			packageReferences = (
				C29EBCC0C6B0AAF73AA789AB /* XCRemoteSwiftPackageReference "swift-markdown-ui" */,
				22A0F3B194C757563E83E5F7 /* XCRemoteSwiftPackageReference "SwiftTerm" */,
				F766C66770B99FFD0D86DFFE /* XCRemoteSwiftPackageReference "VectorTerminalSDK" */,
				51196CCCA29E213E68ADF750 /* XCLocalSwiftPackageReference "../BASICCore" */,
			);
			preferredProjectObjectVersion = 77;
			productRefGroup = 105417A0EC732F96246ADE77 /* Products */;
			projectDirPath = "";
			projectRoot = "";
			targets = (
				6AA116F04F4DDCF4C7256D35 /* BASICStudio */,
			);
		};
/* End PBXProject section */

/* Begin PBXResourcesBuildPhase section */
		F1646155685F33C904BB9409 /* Resources */ = {
			isa = PBXResourcesBuildPhase;
			buildActionMask = 2147483647;
			files = (
				B0B26D83A69449507033F56B /* Assets in Resources */,
				55AA22B456CC0B14F3F85659 /* Assets.xcassets in Resources */,
				AE5E41C53A99364CDA4C82E6 /* Demos in Resources */,
				7091141BEB6366B0BF388EC6 /* Fonts in Resources */,
			);
			runOnlyForDeploymentPostprocessing = 0;
		};
/* End PBXResourcesBuildPhase section */

/* Begin PBXSourcesBuildPhase section */
		77AECDD00CF9988949BD91C8 /* Sources */ = {
			isa = PBXSourcesBuildPhase;
			buildActionMask = 2147483647;
			files = (
				9965B7A9DBA91E2EF9F92322 /* BASICStudio.swift in Sources */,
				C08D96C34D79759D44AF4197 /* BASICStudioApp.swift in Sources */,
				43F22C7C5E351E6D8886C112 /* DebugPane.swift in Sources */,
				FFB04B116964DB84B8244602 /* GraphicsFramebuffer.swift in Sources */,
				0057004C4A2148E02E99D2A2 /* LogPane.swift in Sources */,
				8D89B2C60ED71E15D0CBBA80 /* MonacoEditor.swift in Sources */,
				34689C416CEB23C25E5C8455 /* NerdPromptEditorView.swift in Sources */,
				2A28D7C1DE29AE611A5FCB7E /* StudioFonts.swift in Sources */,
				4E55CE31851BF0FD6FFCB6D1 /* StudioInputCoordinator.swift in Sources */,
				3B2F5ADAD0C26B6619742F8A /* StudioModel.swift in Sources */,
				693D21E373FDDEE4439DCFF6 /* StudioModelHostConformance.swift in Sources */,
				CE457D4D17903D667C245493 /* StudioSettings.swift in Sources */,
				2119DDFCA1CE58512F67C90A /* StudioTypes.swift in Sources */,
				986C8F3DCC540D2F65EF5187 /* StudioView.swift in Sources */,
				A5649F7AFD7F4B2280225D03 /* SwiftTermGraphicsConsole.swift in Sources */,
				123CBE58C61DD88B7D7D1E3A /* UserDocumentationPane.swift in Sources */,
			);
			runOnlyForDeploymentPostprocessing = 0;
		};
/* End PBXSourcesBuildPhase section */

/* Begin XCBuildConfiguration section */
		1A196D4573ABD1EE483DE02B /* Release */ = {
			isa = XCBuildConfiguration;
			buildSettings = {
				ALWAYS_SEARCH_USER_PATHS = NO;
				CLANG_ANALYZER_NONNULL = YES;
				CLANG_ANALYZER_NUMBER_OBJECT_CONVERSION = YES_AGGRESSIVE;
				CLANG_CXX_LANGUAGE_STANDARD = "gnu++14";
				CLANG_CXX_LIBRARY = "libc++";
				CLANG_ENABLE_MODULES = YES;
				CLANG_ENABLE_OBJC_ARC = YES;
				CLANG_ENABLE_OBJC_WEAK = YES;
				CLANG_WARN_BLOCK_CAPTURE_AUTORELEASING = YES;
				CLANG_WARN_BOOL_CONVERSION = YES;
				CLANG_WARN_COMMA = YES;
				CLANG_WARN_CONSTANT_CONVERSION = YES;
				CLANG_WARN_DEPRECATED_OBJC_IMPLEMENTATIONS = YES;
				CLANG_WARN_DIRECT_OBJC_ISA_USAGE = YES_ERROR;
				CLANG_WARN_DOCUMENTATION_COMMENTS = YES;
				CLANG_WARN_EMPTY_BODY = YES;
				CLANG_WARN_ENUM_CONVERSION = YES;
				CLANG_WARN_INFINITE_RECURSION = YES;
				CLANG_WARN_INT_CONVERSION = YES;
				CLANG_WARN_NON_LITERAL_NULL_CONVERSION = YES;
				CLANG_WARN_OBJC_IMPLICIT_RETAIN_SELF = YES;
				CLANG_WARN_OBJC_LITERAL_CONVERSION = YES;
				CLANG_WARN_OBJC_ROOT_CLASS = YES_ERROR;
				CLANG_WARN_QUOTED_INCLUDE_IN_FRAMEWORK_HEADER = YES;
				CLANG_WARN_RANGE_LOOP_ANALYSIS = YES;
				CLANG_WARN_STRICT_PROTOTYPES = YES;
				CLANG_WARN_SUSPICIOUS_MOVE = YES;
				CLANG_WARN_UNGUARDED_AVAILABILITY = YES_AGGRESSIVE;
				CLANG_WARN_UNREACHABLE_CODE = YES;
				CLANG_WARN__DUPLICATE_METHOD_MATCH = YES;
				COPY_PHASE_STRIP = NO;
				DEBUG_INFORMATION_FORMAT = "dwarf-with-dsym";
				ENABLE_NS_ASSERTIONS = NO;
				ENABLE_STRICT_OBJC_MSGSEND = YES;
				GCC_C_LANGUAGE_STANDARD = gnu11;
				GCC_NO_COMMON_BLOCKS = YES;
				GCC_WARN_64_TO_32_BIT_CONVERSION = YES;
				GCC_WARN_ABOUT_RETURN_TYPE = YES_ERROR;
				GCC_WARN_UNDECLARED_SELECTOR = YES;
				GCC_WARN_UNINITIALIZED_AUTOS = YES_AGGRESSIVE;
				GCC_WARN_UNUSED_FUNCTION = YES;
				GCC_WARN_UNUSED_VARIABLE = YES;
				MACOSX_DEPLOYMENT_TARGET = 16.0;
				MTL_ENABLE_DEBUG_INFO = NO;
				MTL_FAST_MATH = YES;
				PRODUCT_NAME = "$(TARGET_NAME)";
				SDKROOT = macosx;
				SWIFT_COMPILATION_MODE = wholemodule;
				SWIFT_OPTIMIZATION_LEVEL = "-O";
				SWIFT_VERSION = 6.0;
			};
			name = Release;
		};
		44FC58A722A76016B405A434 /* Debug */ = {
			isa = XCBuildConfiguration;
			buildSettings = {
				ALWAYS_SEARCH_USER_PATHS = NO;
				CLANG_ANALYZER_NONNULL = YES;
				CLANG_ANALYZER_NUMBER_OBJECT_CONVERSION = YES_AGGRESSIVE;
				CLANG_CXX_LANGUAGE_STANDARD = "gnu++14";
				CLANG_CXX_LIBRARY = "libc++";
				CLANG_ENABLE_MODULES = YES;
				CLANG_ENABLE_OBJC_ARC = YES;
				CLANG_ENABLE_OBJC_WEAK = YES;
				CLANG_WARN_BLOCK_CAPTURE_AUTORELEASING = YES;
				CLANG_WARN_BOOL_CONVERSION = YES;
				CLANG_WARN_COMMA = YES;
				CLANG_WARN_CONSTANT_CONVERSION = YES;
				CLANG_WARN_DEPRECATED_OBJC_IMPLEMENTATIONS = YES;
				CLANG_WARN_DIRECT_OBJC_ISA_USAGE = YES_ERROR;
				CLANG_WARN_DOCUMENTATION_COMMENTS = YES;
				CLANG_WARN_EMPTY_BODY = YES;
				CLANG_WARN_ENUM_CONVERSION = YES;
				CLANG_WARN_INFINITE_RECURSION = YES;
				CLANG_WARN_INT_CONVERSION = YES;
				CLANG_WARN_NON_LITERAL_NULL_CONVERSION = YES;
				CLANG_WARN_OBJC_IMPLICIT_RETAIN_SELF = YES;
				CLANG_WARN_OBJC_LITERAL_CONVERSION = YES;
				CLANG_WARN_OBJC_ROOT_CLASS = YES_ERROR;
				CLANG_WARN_QUOTED_INCLUDE_IN_FRAMEWORK_HEADER = YES;
				CLANG_WARN_RANGE_LOOP_ANALYSIS = YES;
				CLANG_WARN_STRICT_PROTOTYPES = YES;
				CLANG_WARN_SUSPICIOUS_MOVE = YES;
				CLANG_WARN_UNGUARDED_AVAILABILITY = YES_AGGRESSIVE;
				CLANG_WARN_UNREACHABLE_CODE = YES;
				CLANG_WARN__DUPLICATE_METHOD_MATCH = YES;
				COPY_PHASE_STRIP = NO;
				DEBUG_INFORMATION_FORMAT = dwarf;
				ENABLE_STRICT_OBJC_MSGSEND = YES;
				ENABLE_TESTABILITY = YES;
				GCC_C_LANGUAGE_STANDARD = gnu11;
				GCC_DYNAMIC_NO_PIC = NO;
				GCC_NO_COMMON_BLOCKS = YES;
				GCC_OPTIMIZATION_LEVEL = 0;
				GCC_PREPROCESSOR_DEFINITIONS = (
					"$(inherited)",
					"DEBUG=1",
				);
				GCC_WARN_64_TO_32_BIT_CONVERSION = YES;
				GCC_WARN_ABOUT_RETURN_TYPE = YES_ERROR;
				GCC_WARN_UNDECLARED_SELECTOR = YES;
				GCC_WARN_UNINITIALIZED_AUTOS = YES_AGGRESSIVE;
				GCC_WARN_UNUSED_FUNCTION = YES;
				GCC_WARN_UNUSED_VARIABLE = YES;
				MACOSX_DEPLOYMENT_TARGET = 16.0;
				MTL_ENABLE_DEBUG_INFO = INCLUDE_SOURCE;
				MTL_FAST_MATH = YES;
				ONLY_ACTIVE_ARCH = YES;
				PRODUCT_NAME = "$(TARGET_NAME)";
				SDKROOT = macosx;
				SWIFT_ACTIVE_COMPILATION_CONDITIONS = DEBUG;
				SWIFT_OPTIMIZATION_LEVEL = "-Onone";
				SWIFT_VERSION = 6.0;
			};
			name = Debug;
		};
		BABC0928F8BD93E924E07059 /* Debug */ = {
			isa = XCBuildConfiguration;
			buildSettings = {
				ASSETCATALOG_COMPILER_APPICON_NAME = AppIcon;
				CODE_SIGN_STYLE = Automatic;
				COMBINE_HIDPI_IMAGES = YES;
				CURRENT_PROJECT_VERSION = 1;
				ENABLE_HARDENED_RUNTIME = NO;
				GENERATE_INFOPLIST_FILE = YES;
				INFOPLIST_KEY_CFBundleDisplayName = BASICStudio;
				INFOPLIST_KEY_LSApplicationCategoryType = "public.app-category.developer-tools";
				INFOPLIST_KEY_NSHumanReadableCopyright = "Copyright © 2026";
				LD_RUNPATH_SEARCH_PATHS = (
					"$(inherited)",
					"@executable_path/../Frameworks",
				);
				MARKETING_VERSION = 0.1;
				PRODUCT_BUNDLE_IDENTIFIER = com.aibasic.BASICStudio;
				SDKROOT = macosx;
			};
			name = Debug;
		};
		FA0800167FDEE34CE89DEFF1 /* Release */ = {
			isa = XCBuildConfiguration;
			buildSettings = {
				ASSETCATALOG_COMPILER_APPICON_NAME = AppIcon;
				CODE_SIGN_STYLE = Automatic;
				COMBINE_HIDPI_IMAGES = YES;
				CURRENT_PROJECT_VERSION = 1;
				ENABLE_HARDENED_RUNTIME = NO;
				GENERATE_INFOPLIST_FILE = YES;
				INFOPLIST_KEY_CFBundleDisplayName = BASICStudio;
				INFOPLIST_KEY_LSApplicationCategoryType = "public.app-category.developer-tools";
				INFOPLIST_KEY_NSHumanReadableCopyright = "Copyright © 2026";
				LD_RUNPATH_SEARCH_PATHS = (
					"$(inherited)",
					"@executable_path/../Frameworks",
				);
				MARKETING_VERSION = 0.1;
				PRODUCT_BUNDLE_IDENTIFIER = com.aibasic.BASICStudio;
				SDKROOT = macosx;
			};
			name = Release;
		};
/* End XCBuildConfiguration section */

/* Begin XCConfigurationList section */
		528EEB4651693307F4A5BB54 /* Build configuration list for PBXProject "BASICStudio" */ = {
			isa = XCConfigurationList;
			buildConfigurations = (
				44FC58A722A76016B405A434 /* Debug */,
				1A196D4573ABD1EE483DE02B /* Release */,
			);
			defaultConfigurationIsVisible = 0;
			defaultConfigurationName = Debug;
		};
		AF7ACD93A0F8AE5CE7518E54 /* Build configuration list for PBXNativeTarget "BASICStudio" */ = {
			isa = XCConfigurationList;
			buildConfigurations = (
				BABC0928F8BD93E924E07059 /* Debug */,
				FA0800167FDEE34CE89DEFF1 /* Release */,
			);
			defaultConfigurationIsVisible = 0;
			defaultConfigurationName = Debug;
		};
/* End XCConfigurationList section */

/* Begin XCLocalSwiftPackageReference section */
		51196CCCA29E213E68ADF750 /* XCLocalSwiftPackageReference "../BASICCore" */ = {
			isa = XCLocalSwiftPackageReference;
			relativePath = ../BASICCore;
		};
/* End XCLocalSwiftPackageReference section */

/* Begin XCRemoteSwiftPackageReference section */
		22A0F3B194C757563E83E5F7 /* XCRemoteSwiftPackageReference "SwiftTerm" */ = {
			isa = XCRemoteSwiftPackageReference;
			repositoryURL = "https://github.com/bobbyski/SwiftTerm.git";
			requirement = {
				kind = upToNextMajorVersion;
				minimumVersion = 1.5.6;
			};
		};
		C29EBCC0C6B0AAF73AA789AB /* XCRemoteSwiftPackageReference "swift-markdown-ui" */ = {
			isa = XCRemoteSwiftPackageReference;
			repositoryURL = "https://github.com/gonzalezreal/swift-markdown-ui";
			requirement = {
				kind = upToNextMajorVersion;
				minimumVersion = 2.4.1;
			};
		};
		F766C66770B99FFD0D86DFFE /* XCRemoteSwiftPackageReference "VectorTerminalSDK" */ = {
			isa = XCRemoteSwiftPackageReference;
			repositoryURL = "https://github.com/bobbyski/VectorTerminalSDK.git";
			requirement = {
				kind = upToNextMajorVersion;
				minimumVersion = 1.5.6;
			};
		};
/* End XCRemoteSwiftPackageReference section */

/* Begin XCSwiftPackageProductDependency section */
		130A03B0A453DD5074363E15 /* SwiftTerm */ = {
			isa = XCSwiftPackageProductDependency;
			package = 22A0F3B194C757563E83E5F7 /* XCRemoteSwiftPackageReference "SwiftTerm" */;
			productName = SwiftTerm;
		};
		21507555AB51C2FBB797BF22 /* VectorTerminalSDK */ = {
			isa = XCSwiftPackageProductDependency;
			package = F766C66770B99FFD0D86DFFE /* XCRemoteSwiftPackageReference "VectorTerminalSDK" */;
			productName = VectorTerminalSDK;
		};
		A5E611364F88C87B9EAAD4AF /* BASICCore */ = {
			isa = XCSwiftPackageProductDependency;
			productName = BASICCore;
		};
		EF38E292B830FC5A0F76CE1D /* MarkdownUI */ = {
			isa = XCSwiftPackageProductDependency;
			package = C29EBCC0C6B0AAF73AA789AB /* XCRemoteSwiftPackageReference "swift-markdown-ui" */;
			productName = MarkdownUI;
		};
/* End XCSwiftPackageProductDependency section */
	};
	rootObject = 70F0BCEAC4CE73C929655E60 /* Project object */;
}
