// !$*UTF8*$!
{
	archiveVersion = 1;
	classes = {
	};
	objectVersion = 77;
	objects = {

/* Begin PBXBuildFile section */
		0057004C4A2148E02E99D2A2 /* LogPane.swift in Sources */ = {isa = PBXBuildFile; fileRef = DB6405A0933EA2491CDDF863 /* LogPane.swift */; };
		00924436B19B72D30F51108C /* SwiftTermGraphicsConsole.swift in Sources */ = {isa = PBXBuildFile; fileRef = 7B61BB4FEA96B70879A4BE26 /* SwiftTermGraphicsConsole.swift */; };
		01FA6E3FA7FDA58495D32DED /* ActiveUICode in Frameworks */ = {isa = PBXBuildFile; productRef = 6A5BE94B977EEA0FFF0433E8 /* ActiveUICode */; };
		0209F8681EFC161C124A81A1 /* Assets in Resources */ = {isa = PBXBuildFile; fileRef = 9C9B2EE479C7AD1539AEB20B /* Assets */; };
		02730A16BBF74C260858CABD /* StudioAppTheme.swift in Sources */ = {isa = PBXBuildFile; fileRef = EEAD19BDF4AE663EFC800A55 /* StudioAppTheme.swift */; };
		063B309AF05262967DF8B5E6 /* ActiveUIMarkdown in Frameworks */ = {isa = PBXBuildFile; productRef = D9A4F83464CADD0769EA55F8 /* ActiveUIMarkdown */; };
		0685068EFD572489674DCC4A /* GraphicsFramebuffer.swift in Sources */ = {isa = PBXBuildFile; fileRef = 9C96E9F50B74F255489C86A6 /* GraphicsFramebuffer.swift */; };
		091E1770B6363E5775960262 /* DocumentArchive in Frameworks */ = {isa = PBXBuildFile; productRef = 5AAB125FD1626D4E8281F069 /* DocumentArchive */; };
		093567BDF2F436525E5F2ECC /* StudioSound.swift in Sources */ = {isa = PBXBuildFile; fileRef = C5330F694E45075A8E70C411 /* StudioSound.swift */; };
		0B5521E79B9FA05A08A81339 /* StudioInputCoordinator.swift in Sources */ = {isa = PBXBuildFile; fileRef = C8E4CEA6BE44158D1A14A993 /* StudioInputCoordinator.swift */; };
		0F1F3E09500DA103690EB456 /* StudioTypes.swift in Sources */ = {isa = PBXBuildFile; fileRef = 4374AC2CA731F78F135C262B /* StudioTypes.swift */; };
		11F34446FB037BBC10B313CF /* ActiveUICoreEditor in Frameworks */ = {isa = PBXBuildFile; productRef = 2BE869386D81B9149D57D58B /* ActiveUICoreEditor */; };
		123CBE58C61DD88B7D7D1E3A /* UserDocumentationPane.swift in Sources */ = {isa = PBXBuildFile; fileRef = 22C134A50A2186A84C4E7BDE /* UserDocumentationPane.swift */; };
		196B696B2A6B42F526ECD7AC /* PromptEditorAUI.swift in Sources */ = {isa = PBXBuildFile; fileRef = C65E29E9A21893B7B0910040 /* PromptEditorAUI.swift */; };
		1AEDBCF61A189708EB2AF9A6 /* ActiveUI in Frameworks */ = {isa = PBXBuildFile; productRef = 717CF46DC0F9232475AACCEA /* ActiveUI */; };
		1D0ABCD72B7C3DAF6ABE7A94 /* UserDocumentationPane.swift in Sources */ = {isa = PBXBuildFile; fileRef = 22C134A50A2186A84C4E7BDE /* UserDocumentationPane.swift */; };
		2119DDFCA1CE58512F67C90A /* StudioTypes.swift in Sources */ = {isa = PBXBuildFile; fileRef = 4374AC2CA731F78F135C262B /* StudioTypes.swift */; };
		26AFE5ECDC44878B0F8A5621 /* DebugPaneAUI.swift in Sources */ = {isa = PBXBuildFile; fileRef = 4FB11C8419064B3C77C66BF2 /* DebugPaneAUI.swift */; };
		290BC8E580C6DF4CD199A74B /* SettingsViewModel.swift in Sources */ = {isa = PBXBuildFile; fileRef = 20D23305654DCC7C771397BA /* SettingsViewModel.swift */; };
		2A28D7C1DE29AE611A5FCB7E /* StudioFonts.swift in Sources */ = {isa = PBXBuildFile; fileRef = A38AB3D82C7A880B72971A1D /* StudioFonts.swift */; };
		2A5E43D6901CA4826F9048B7 /* SettingsAUI.swift in Sources */ = {isa = PBXBuildFile; fileRef = 474DC38E677600E2DD5C5C3A /* SettingsAUI.swift */; };
		2AC255094C828E26892B4697 /* StudioModel.swift in Sources */ = {isa = PBXBuildFile; fileRef = 6AB855670D7A6C23AA4BC7AC /* StudioModel.swift */; };
		2E4B96735A9006DE615F1E99 /* Demos in Resources */ = {isa = PBXBuildFile; fileRef = 96CA444014E259C30BE4F365 /* Demos */; };
		2F5264978E8C6E2913DD8B8D /* StudioActiveUIShell.swift in Sources */ = {isa = PBXBuildFile; fileRef = 978A628E72FF4EC7A86D81B0 /* StudioActiveUIShell.swift */; };
		2F93BA890A43754B6FAD1033 /* StudioHostFlags.swift in Sources */ = {isa = PBXBuildFile; fileRef = 1E15A9808D4C85BB5884161A /* StudioHostFlags.swift */; };
		2F95A6FE16BD16C9A9F52D18 /* DocumentArchive in Frameworks */ = {isa = PBXBuildFile; productRef = 50B80D301CFFA94A39A1AF20 /* DocumentArchive */; };
		34689C416CEB23C25E5C8455 /* NerdPromptEditorView.swift in Sources */ = {isa = PBXBuildFile; fileRef = 8A5D3DAABA1BA032F3E7B507 /* NerdPromptEditorView.swift */; };
		38BC0F614387753C63AE3A59 /* ActiveUIMarkdown in Frameworks */ = {isa = PBXBuildFile; productRef = 810D5F6D49EC115C4CFACF04 /* ActiveUIMarkdown */; };
		3B2F5ADAD0C26B6619742F8A /* StudioModel.swift in Sources */ = {isa = PBXBuildFile; fileRef = 6AB855670D7A6C23AA4BC7AC /* StudioModel.swift */; };
		3B6F98A8E6619180E076838C /* Assets.xcassets in Resources */ = {isa = PBXBuildFile; fileRef = 3F0871282F50834880A591A8 /* Assets.xcassets */; };
		41C898B7C97E7A21495E396D /* BASICCore in Frameworks */ = {isa = PBXBuildFile; productRef = F996DC30A96A7927F54B377C /* BASICCore */; };
		43F22C7C5E351E6D8886C112 /* DebugPane.swift in Sources */ = {isa = PBXBuildFile; fileRef = F768CDEF475FDA4603BD917D /* DebugPane.swift */; };
		44FE9EE08A4BB2C50D554C20 /* RenderInputs.swift in Sources */ = {isa = PBXBuildFile; fileRef = 9028AD794558129FE62B1489 /* RenderInputs.swift */; };
		47044532FD916CF337D08BFE /* MarkdownUI in Frameworks */ = {isa = PBXBuildFile; productRef = 6794AFCFED8BF24845F1D2D0 /* MarkdownUI */; };
		47A9857814619923594CCAC8 /* BASICStudioiOS.swift in Sources */ = {isa = PBXBuildFile; fileRef = CEEA0F4A6FF62DCB06D74711 /* BASICStudioiOS.swift */; };
		48D9ACA2F311AA58216CF400 /* PromptEditorModel.swift in Sources */ = {isa = PBXBuildFile; fileRef = 48FFDD9C956077CA2BBAB7D6 /* PromptEditorModel.swift */; };
		4D62081D908243760D673386 /* StudioSound.swift in Sources */ = {isa = PBXBuildFile; fileRef = C5330F694E45075A8E70C411 /* StudioSound.swift */; };
		4D7FD52C1482075CEA7484E4 /* LogPaneAUI.swift in Sources */ = {isa = PBXBuildFile; fileRef = 274E10BC1DC8322BB117728E /* LogPaneAUI.swift */; };
		4E55CE31851BF0FD6FFCB6D1 /* StudioInputCoordinator.swift in Sources */ = {isa = PBXBuildFile; fileRef = C8E4CEA6BE44158D1A14A993 /* StudioInputCoordinator.swift */; };
		4EE020915A73D66E6029DFA2 /* DocsPaneModel.swift in Sources */ = {isa = PBXBuildFile; fileRef = 786414E68D08A63E6898020E /* DocsPaneModel.swift */; };
		4F380BBEF0DDB5FAEC79AF58 /* SwiftTerm in Frameworks */ = {isa = PBXBuildFile; productRef = 130A03B0A453DD5074363E15 /* SwiftTerm */; };
		542CEC2112B196DDB36AD540 /* StudioHostFlags.swift in Sources */ = {isa = PBXBuildFile; fileRef = 1E15A9808D4C85BB5884161A /* StudioHostFlags.swift */; };
		543916F96C24C380A7DEF63E /* SwiftyCodeEditor in Frameworks */ = {isa = PBXBuildFile; productRef = 955277B154524A585B8D179D /* SwiftyCodeEditor */; };
		54B1B557BF391D0C0593720C /* NerdPromptSegments.swift in Sources */ = {isa = PBXBuildFile; fileRef = CD856E6A67B449DF70D14B01 /* NerdPromptSegments.swift */; };
		55AA22B456CC0B14F3F85659 /* Assets.xcassets in Resources */ = {isa = PBXBuildFile; fileRef = 3F0871282F50834880A591A8 /* Assets.xcassets */; };
		58976B826AE6E3E9FA6967AA /* NerdPromptSegments.swift in Sources */ = {isa = PBXBuildFile; fileRef = CD856E6A67B449DF70D14B01 /* NerdPromptSegments.swift */; };
		59F09F7AB9E4050D8FE43FC8 /* DebugPaneModel.swift in Sources */ = {isa = PBXBuildFile; fileRef = ED3E736836021C24D244390D /* DebugPaneModel.swift */; };
		5FD527AFCDCC2CDDED890008 /* MenuCommandModel.swift in Sources */ = {isa = PBXBuildFile; fileRef = FC78BBDAF3FC3C17C20E6B87 /* MenuCommandModel.swift */; };
		6095E23C83DAF700CE5333E9 /* SettingsAUI.swift in Sources */ = {isa = PBXBuildFile; fileRef = 474DC38E677600E2DD5C5C3A /* SettingsAUI.swift */; };
		61DE84050C4B38D3C1D1A9EB /* InspectorLayout.swift in Sources */ = {isa = PBXBuildFile; fileRef = AAB2A5E9E8BD2995467EB4B1 /* InspectorLayout.swift */; };
		62C6EF49F258F42796EE77C4 /* RenderInputs.swift in Sources */ = {isa = PBXBuildFile; fileRef = 9028AD794558129FE62B1489 /* RenderInputs.swift */; };
		693D21E373FDDEE4439DCFF6 /* StudioModelHostConformance.swift in Sources */ = {isa = PBXBuildFile; fileRef = 338C8D7C152FF259259BC8FA /* StudioModelHostConformance.swift */; };
		6994D287C86117622D27544E /* ActiveUICode in Embed Frameworks */ = {isa = PBXBuildFile; productRef = 08C7821063F11AADE9C1548C /* ActiveUICode */; settings = {ATTRIBUTES = (CodeSignOnCopy, RemoveHeadersOnCopy, ); }; };
		6BABADE2659A798EF66D0DF8 /* ActiveUICode in Frameworks */ = {isa = PBXBuildFile; productRef = 08C7821063F11AADE9C1548C /* ActiveUICode */; };
		6D2FB1742917B29C49D194C4 /* SourceEditorAUI.swift in Sources */ = {isa = PBXBuildFile; fileRef = 72D0EF453B77151D2563402A /* SourceEditorAUI.swift */; };
		7091141BEB6366B0BF388EC6 /* Fonts in Resources */ = {isa = PBXBuildFile; fileRef = B28A38404D59414EADD295C5 /* Fonts */; };
		74D0835107EBA56BF18A331D /* VectorTerminalSDK in Frameworks */ = {isa = PBXBuildFile; productRef = 21507555AB51C2FBB797BF22 /* VectorTerminalSDK */; };
		74E30F5278F0970FD4856435 /* StudioModelHostConformance.swift in Sources */ = {isa = PBXBuildFile; fileRef = 338C8D7C152FF259259BC8FA /* StudioModelHostConformance.swift */; };
		75807C1C239BCC9BECB786B7 /* ActiveUICode in Embed Frameworks */ = {isa = PBXBuildFile; productRef = 6A5BE94B977EEA0FFF0433E8 /* ActiveUICode */; settings = {ATTRIBUTES = (CodeSignOnCopy, RemoveHeadersOnCopy, ); }; };
		797CEBCC3F1A3E1385DF48F0 /* DocsPaneModel.swift in Sources */ = {isa = PBXBuildFile; fileRef = 786414E68D08A63E6898020E /* DocsPaneModel.swift */; };
		8274C17D24F7C4BE5D62A5B3 /* ProjectModel.swift in Sources */ = {isa = PBXBuildFile; fileRef = A01D222A22E3CB0848365480 /* ProjectModel.swift */; };
		8491C77AAFE0684FB7E5BD47 /* SourceEditorAUI.swift in Sources */ = {isa = PBXBuildFile; fileRef = 72D0EF453B77151D2563402A /* SourceEditorAUI.swift */; };
		878DB6E7730BBCFAC631A5E0 /* ActiveUI in Embed Frameworks */ = {isa = PBXBuildFile; productRef = 631B95E6F76EB92AAB7792ED /* ActiveUI */; settings = {ATTRIBUTES = (CodeSignOnCopy, RemoveHeadersOnCopy, ); }; };
		8D89B2C60ED71E15D0CBBA80 /* MonacoEditor.swift in Sources */ = {isa = PBXBuildFile; fileRef = 0CB8284FB31709C1BD017047 /* MonacoEditor.swift */; };
		9606D359B9EB6DF218563A37 /* DocsPaneAUI.swift in Sources */ = {isa = PBXBuildFile; fileRef = AC8C8C7D843AC2B834A2D4E7 /* DocsPaneAUI.swift */; };
		986C8F3DCC540D2F65EF5187 /* StudioView.swift in Sources */ = {isa = PBXBuildFile; fileRef = E0BE4DFD00F4A6EE959D4034 /* StudioView.swift */; };
		9965B7A9DBA91E2EF9F92322 /* BASICStudio.swift in Sources */ = {isa = PBXBuildFile; fileRef = 97D345D0E032E06BB808DA86 /* BASICStudio.swift */; };
		9C87713C17B0ED518CCEB3AD /* ActiveUIMarkdown in Embed Frameworks */ = {isa = PBXBuildFile; productRef = D9A4F83464CADD0769EA55F8 /* ActiveUIMarkdown */; settings = {ATTRIBUTES = (CodeSignOnCopy, RemoveHeadersOnCopy, ); }; };
		9DB0288E1B8117B54E524CB2 /* UserDocs.zip in Resources */ = {isa = PBXBuildFile; fileRef = 345DA55E34BEF73307F59C60 /* UserDocs.zip */; };
		9F2A3BF20C0C0DDB72F667F5 /* StudioAUIBridge.swift in Sources */ = {isa = PBXBuildFile; fileRef = 4D7759E2A1D726D749736552 /* StudioAUIBridge.swift */; };
		A1432993494F6BA04B2BAD6C /* StudioAbout.swift in Sources */ = {isa = PBXBuildFile; fileRef = 944D27C4D351F1DFFC50FE6D /* StudioAbout.swift */; };
		A2B52125DD80C4AB8C550CAF /* StudioFonts.swift in Sources */ = {isa = PBXBuildFile; fileRef = A38AB3D82C7A880B72971A1D /* StudioFonts.swift */; };
		A5649F7AFD7F4B2280225D03 /* SwiftTermGraphicsConsole.swift in Sources */ = {isa = PBXBuildFile; fileRef = 7B61BB4FEA96B70879A4BE26 /* SwiftTermGraphicsConsole.swift */; };
		A701F0C2F75FDF8FEA13549B /* MenuCommandModel.swift in Sources */ = {isa = PBXBuildFile; fileRef = FC78BBDAF3FC3C17C20E6B87 /* MenuCommandModel.swift */; };
		A84D9C63ACA6E0B650C89872 /* InspectorLayout.swift in Sources */ = {isa = PBXBuildFile; fileRef = AAB2A5E9E8BD2995467EB4B1 /* InspectorLayout.swift */; };
		A920F5FEAE1652A798D98BF0 /* StudioShellModel.swift in Sources */ = {isa = PBXBuildFile; fileRef = 5A05717AC3D906F60E4FA227 /* StudioShellModel.swift */; };
		A9C6CFD8E69D5E5DFC3ADA85 /* VectorTerminalSDK in Embed Frameworks */ = {isa = PBXBuildFile; productRef = 21507555AB51C2FBB797BF22 /* VectorTerminalSDK */; settings = {ATTRIBUTES = (CodeSignOnCopy, RemoveHeadersOnCopy, ); }; };
		AC284E6E044D7E8065A2092A /* ActiveUIMarkdown in Embed Frameworks */ = {isa = PBXBuildFile; productRef = 810D5F6D49EC115C4CFACF04 /* ActiveUIMarkdown */; settings = {ATTRIBUTES = (CodeSignOnCopy, RemoveHeadersOnCopy, ); }; };
		ADA6A24313C5FC396E1ADBE5 /* LogPaneModel.swift in Sources */ = {isa = PBXBuildFile; fileRef = 689A82CD724959C8AA8FE537 /* LogPaneModel.swift */; };
		ADDFE6A9D2FDACA2F68836A8 /* StudioAUIBridge.swift in Sources */ = {isa = PBXBuildFile; fileRef = 4D7759E2A1D726D749736552 /* StudioAUIBridge.swift */; };
		AE5E41C53A99364CDA4C82E6 /* Demos in Resources */ = {isa = PBXBuildFile; fileRef = 96CA444014E259C30BE4F365 /* Demos */; };
		B0B26D83A69449507033F56B /* Assets in Resources */ = {isa = PBXBuildFile; fileRef = 9C9B2EE479C7AD1539AEB20B /* Assets */; };
		B0D5C46F25D36C3FBEE5C1C6 /* Fonts in Resources */ = {isa = PBXBuildFile; fileRef = B28A38404D59414EADD295C5 /* Fonts */; };
		B1D4EE89EC954CE224038E7F /* Themes in Resources */ = {isa = PBXBuildFile; fileRef = 6338F8D64F595F8A442DCB46 /* Themes */; };
		B5D8E5F67FE6BFC73DEF3F6C /* UserDocs.zip in Resources */ = {isa = PBXBuildFile; fileRef = 345DA55E34BEF73307F59C60 /* UserDocs.zip */; };
		B5FF04765A7317D31E6841C6 /* LogPaneAUI.swift in Sources */ = {isa = PBXBuildFile; fileRef = 274E10BC1DC8322BB117728E /* LogPaneAUI.swift */; };
		B621B0BD8B331CA053F4D096 /* StudioTUIDriver.swift in Sources */ = {isa = PBXBuildFile; fileRef = 5ADB21C095AEA96F4CCF48F3 /* StudioTUIDriver.swift */; };
		B728AC62D8694DFDF483881F /* ActiveUI in Embed Frameworks */ = {isa = PBXBuildFile; productRef = 717CF46DC0F9232475AACCEA /* ActiveUI */; settings = {ATTRIBUTES = (CodeSignOnCopy, RemoveHeadersOnCopy, ); }; };
		B7922A21D2E5A7B60E0CDF0D /* SettingsViewModel.swift in Sources */ = {isa = PBXBuildFile; fileRef = 20D23305654DCC7C771397BA /* SettingsViewModel.swift */; };
		B8DAF256B206B91A26B38239 /* StudioTUIDriver.swift in Sources */ = {isa = PBXBuildFile; fileRef = 5ADB21C095AEA96F4CCF48F3 /* StudioTUIDriver.swift */; };
		BF42A79B77B89643F0C31695 /* MarkdownUI in Frameworks */ = {isa = PBXBuildFile; productRef = EF38E292B830FC5A0F76CE1D /* MarkdownUI */; };
		BFE2A211DF479CB39770D73E /* StudioAppTheme.swift in Sources */ = {isa = PBXBuildFile; fileRef = EEAD19BDF4AE663EFC800A55 /* StudioAppTheme.swift */; };
		C08D96C34D79759D44AF4197 /* BASICStudioApp.swift in Sources */ = {isa = PBXBuildFile; fileRef = 1F6A9B51D88CAE3608DEFB6C /* BASICStudioApp.swift */; };
		C1D294560A121336FE4AAF4D /* StudioShellModel.swift in Sources */ = {isa = PBXBuildFile; fileRef = 5A05717AC3D906F60E4FA227 /* StudioShellModel.swift */; };
		C2F4002E9B0C824E4C39C745 /* ProjectModel.swift in Sources */ = {isa = PBXBuildFile; fileRef = A01D222A22E3CB0848365480 /* ProjectModel.swift */; };
		C5182AF195339C8C5C164CCF /* PromptEditorModel.swift in Sources */ = {isa = PBXBuildFile; fileRef = 48FFDD9C956077CA2BBAB7D6 /* PromptEditorModel.swift */; };
		C5221EF5D5E176F1B1990362 /* StudioJITRun.swift in Sources */ = {isa = PBXBuildFile; fileRef = AADBF639C0AF1EFB97031FC3 /* StudioJITRun.swift */; };
		C60D27DD81B28FC93816AD02 /* SwiftTerm in Frameworks */ = {isa = PBXBuildFile; productRef = 4FCF7AE734FDC4B7B917BBD7 /* SwiftTerm */; };
		C9D09F3FC54365D4E62BAC0F /* DocsPaneAUI.swift in Sources */ = {isa = PBXBuildFile; fileRef = AC8C8C7D843AC2B834A2D4E7 /* DocsPaneAUI.swift */; };
		CB4C8857336B27C3D4574089 /* StudioLaunchOptions.swift in Sources */ = {isa = PBXBuildFile; fileRef = A3B2F0DC13D2CE57F3CDB486 /* StudioLaunchOptions.swift */; };
		CE457D4D17903D667C245493 /* StudioSettings.swift in Sources */ = {isa = PBXBuildFile; fileRef = 5472221B9FB79FDAA9BB355A /* StudioSettings.swift */; };
		D05ADC8871BB376F69B2C843 /* StudioActiveUIShell.swift in Sources */ = {isa = PBXBuildFile; fileRef = 978A628E72FF4EC7A86D81B0 /* StudioActiveUIShell.swift */; };
		D60301CFCC610C463AA3FFFE /* ActiveUICoreEditor in Embed Frameworks */ = {isa = PBXBuildFile; productRef = 2BE869386D81B9149D57D58B /* ActiveUICoreEditor */; settings = {ATTRIBUTES = (CodeSignOnCopy, RemoveHeadersOnCopy, ); }; };
		D89B3A1B19327DD802493E7D /* DebugPaneAUI.swift in Sources */ = {isa = PBXBuildFile; fileRef = 4FB11C8419064B3C77C66BF2 /* DebugPaneAUI.swift */; };
		DA07E45DC52C19B2820ECD8E /* BASICCore in Frameworks */ = {isa = PBXBuildFile; productRef = A5E611364F88C87B9EAAD4AF /* BASICCore */; };
		DA93E2AA79828870737D4009 /* LogPaneModel.swift in Sources */ = {isa = PBXBuildFile; fileRef = 689A82CD724959C8AA8FE537 /* LogPaneModel.swift */; };
		DF215486A6205E5F919022F0 /* VectorTerminalSDK in Embed Frameworks */ = {isa = PBXBuildFile; productRef = 8964F8C16B54EDC134459B2E /* VectorTerminalSDK */; settings = {ATTRIBUTES = (CodeSignOnCopy, RemoveHeadersOnCopy, ); }; };
		E0B7DE9AA99281653B58BED4 /* StudioJITRun.swift in Sources */ = {isa = PBXBuildFile; fileRef = AADBF639C0AF1EFB97031FC3 /* StudioJITRun.swift */; };
		E2BB610C9A6139F7AE4A8034 /* DebugPaneModel.swift in Sources */ = {isa = PBXBuildFile; fileRef = ED3E736836021C24D244390D /* DebugPaneModel.swift */; };
		EB787163C62D04223B50C411 /* StudioLaunchOptions.swift in Sources */ = {isa = PBXBuildFile; fileRef = A3B2F0DC13D2CE57F3CDB486 /* StudioLaunchOptions.swift */; };
		EE0BD2A9EB37867810043CF1 /* PromptEditorAUI.swift in Sources */ = {isa = PBXBuildFile; fileRef = C65E29E9A21893B7B0910040 /* PromptEditorAUI.swift */; };
		FBC538EBADE880382929DBAA /* ActiveUI in Frameworks */ = {isa = PBXBuildFile; productRef = 631B95E6F76EB92AAB7792ED /* ActiveUI */; };
		FC80337FBB3440DB92ED692B /* VectorTerminalSDK in Frameworks */ = {isa = PBXBuildFile; productRef = 8964F8C16B54EDC134459B2E /* VectorTerminalSDK */; };
		FD6F88DDA2245FADC64D7A83 /* StudioSettings.swift in Sources */ = {isa = PBXBuildFile; fileRef = 5472221B9FB79FDAA9BB355A /* StudioSettings.swift */; };
		FDA5882F3E2AC819D4E29C7C /* Themes in Resources */ = {isa = PBXBuildFile; fileRef = 6338F8D64F595F8A442DCB46 /* Themes */; };
		FFB04B116964DB84B8244602 /* GraphicsFramebuffer.swift in Sources */ = {isa = PBXBuildFile; fileRef = 9C96E9F50B74F255489C86A6 /* GraphicsFramebuffer.swift */; };
/* End PBXBuildFile section */

/* Begin PBXCopyFilesBuildPhase section */
		38CCCDA3FF24CF2F7BA2C087 /* Embed Frameworks */ = {
			isa = PBXCopyFilesBuildPhase;
			buildActionMask = 2147483647;
			dstPath = "";
			dstSubfolderSpec = 10;
			files = (
				DF215486A6205E5F919022F0 /* VectorTerminalSDK in Embed Frameworks */,
				878DB6E7730BBCFAC631A5E0 /* ActiveUI in Embed Frameworks */,
				9C87713C17B0ED518CCEB3AD /* ActiveUIMarkdown in Embed Frameworks */,
				75807C1C239BCC9BECB786B7 /* ActiveUICode in Embed Frameworks */,
				D60301CFCC610C463AA3FFFE /* ActiveUICoreEditor in Embed Frameworks */,
			);
			name = "Embed Frameworks";
			runOnlyForDeploymentPostprocessing = 0;
		};
		8BD1208B9E0DCAA7D9AC1A20 /* Embed Frameworks */ = {
			isa = PBXCopyFilesBuildPhase;
			buildActionMask = 2147483647;
			dstPath = "";
			dstSubfolderSpec = 10;
			files = (
				A9C6CFD8E69D5E5DFC3ADA85 /* VectorTerminalSDK in Embed Frameworks */,
				B728AC62D8694DFDF483881F /* ActiveUI in Embed Frameworks */,
				AC284E6E044D7E8065A2092A /* ActiveUIMarkdown in Embed Frameworks */,
				6994D287C86117622D27544E /* ActiveUICode in Embed Frameworks */,
			);
			name = "Embed Frameworks";
			runOnlyForDeploymentPostprocessing = 0;
		};
/* End PBXCopyFilesBuildPhase section */

/* Begin PBXFileReference section */
		01076CFFB99EF0CDC95B7827 /* ActiveUICoreEditor */ = {isa = PBXFileReference; lastKnownFileType = folder; name = ActiveUICoreEditor; path = ../../../../AIResearch/ActiveUI/Code/ActiveUICoreEditor; sourceTree = SOURCE_ROOT; };
		011AFAC86C3D24E2C652443E /* ActiveUICode */ = {isa = PBXFileReference; lastKnownFileType = folder; name = ActiveUICode; path = ../../../../AIResearch/ActiveUI/Code/ActiveUICode; sourceTree = SOURCE_ROOT; };
		0CB8284FB31709C1BD017047 /* MonacoEditor.swift */ = {isa = PBXFileReference; lastKnownFileType = sourcecode.swift; path = MonacoEditor.swift; sourceTree = "<group>"; };
		1E15A9808D4C85BB5884161A /* StudioHostFlags.swift */ = {isa = PBXFileReference; lastKnownFileType = sourcecode.swift; path = StudioHostFlags.swift; sourceTree = "<group>"; };
		1EB2534D1B03D7BFF565C132 /* SwiftTerm */ = {isa = PBXFileReference; lastKnownFileType = folder; name = SwiftTerm; path = ../../../../AIResearch/GraphicalTerminal/Code/SwiftTerm; sourceTree = SOURCE_ROOT; };
		1F6A9B51D88CAE3608DEFB6C /* BASICStudioApp.swift */ = {isa = PBXFileReference; lastKnownFileType = sourcecode.swift; path = BASICStudioApp.swift; sourceTree = "<group>"; };
		20D23305654DCC7C771397BA /* SettingsViewModel.swift */ = {isa = PBXFileReference; lastKnownFileType = sourcecode.swift; path = SettingsViewModel.swift; sourceTree = "<group>"; };
		22C134A50A2186A84C4E7BDE /* UserDocumentationPane.swift */ = {isa = PBXFileReference; lastKnownFileType = sourcecode.swift; path = UserDocumentationPane.swift; sourceTree = "<group>"; };
		274E10BC1DC8322BB117728E /* LogPaneAUI.swift */ = {isa = PBXFileReference; lastKnownFileType = sourcecode.swift; path = LogPaneAUI.swift; sourceTree = "<group>"; };
		2F75838E7973F9367D5B0837 /* BASICCore */ = {isa = PBXFileReference; lastKnownFileType = folder; name = BASICCore; path = ../BASICCore; sourceTree = SOURCE_ROOT; };
		338C8D7C152FF259259BC8FA /* StudioModelHostConformance.swift */ = {isa = PBXFileReference; lastKnownFileType = sourcecode.swift; path = StudioModelHostConformance.swift; sourceTree = "<group>"; };
		345DA55E34BEF73307F59C60 /* UserDocs.zip */ = {isa = PBXFileReference; lastKnownFileType = archive.zip; path = UserDocs.zip; sourceTree = "<group>"; };
		393A6113D352F2C1DAC75002 /* BASICStudio.app */ = {isa = PBXFileReference; explicitFileType = wrapper.application; includeInIndex = 0; path = BASICStudio.app; sourceTree = BUILT_PRODUCTS_DIR; };
		3F0871282F50834880A591A8 /* Assets.xcassets */ = {isa = PBXFileReference; lastKnownFileType = folder.assetcatalog; path = Assets.xcassets; sourceTree = "<group>"; };
		4374AC2CA731F78F135C262B /* StudioTypes.swift */ = {isa = PBXFileReference; lastKnownFileType = sourcecode.swift; path = StudioTypes.swift; sourceTree = "<group>"; };
		474DC38E677600E2DD5C5C3A /* SettingsAUI.swift */ = {isa = PBXFileReference; lastKnownFileType = sourcecode.swift; path = SettingsAUI.swift; sourceTree = "<group>"; };
		48FFDD9C956077CA2BBAB7D6 /* PromptEditorModel.swift */ = {isa = PBXFileReference; lastKnownFileType = sourcecode.swift; path = PromptEditorModel.swift; sourceTree = "<group>"; };
		4D7759E2A1D726D749736552 /* StudioAUIBridge.swift */ = {isa = PBXFileReference; lastKnownFileType = sourcecode.swift; path = StudioAUIBridge.swift; sourceTree = "<group>"; };
		4FB11C8419064B3C77C66BF2 /* DebugPaneAUI.swift */ = {isa = PBXFileReference; lastKnownFileType = sourcecode.swift; path = DebugPaneAUI.swift; sourceTree = "<group>"; };
		5472221B9FB79FDAA9BB355A /* StudioSettings.swift */ = {isa = PBXFileReference; lastKnownFileType = sourcecode.swift; path = StudioSettings.swift; sourceTree = "<group>"; };
		5A05717AC3D906F60E4FA227 /* StudioShellModel.swift */ = {isa = PBXFileReference; lastKnownFileType = sourcecode.swift; path = StudioShellModel.swift; sourceTree = "<group>"; };
		5ADB21C095AEA96F4CCF48F3 /* StudioTUIDriver.swift */ = {isa = PBXFileReference; lastKnownFileType = sourcecode.swift; path = StudioTUIDriver.swift; sourceTree = "<group>"; };
		6338F8D64F595F8A442DCB46 /* Themes */ = {isa = PBXFileReference; lastKnownFileType = folder; name = Themes; path = Sources/BASICStudio/Resources/Themes; sourceTree = SOURCE_ROOT; };
		66762CB96B98F1DE50DFCE7D /* ActiveUIMarkdown */ = {isa = PBXFileReference; lastKnownFileType = folder; name = ActiveUIMarkdown; path = ../../../../AIResearch/ActiveUI/Code/ActiveUIMarkdown; sourceTree = SOURCE_ROOT; };
		689A82CD724959C8AA8FE537 /* LogPaneModel.swift */ = {isa = PBXFileReference; lastKnownFileType = sourcecode.swift; path = LogPaneModel.swift; sourceTree = "<group>"; };
		6AB855670D7A6C23AA4BC7AC /* StudioModel.swift */ = {isa = PBXFileReference; lastKnownFileType = sourcecode.swift; path = StudioModel.swift; sourceTree = "<group>"; };
		72D0EF453B77151D2563402A /* SourceEditorAUI.swift */ = {isa = PBXFileReference; lastKnownFileType = sourcecode.swift; path = SourceEditorAUI.swift; sourceTree = "<group>"; };
		786414E68D08A63E6898020E /* DocsPaneModel.swift */ = {isa = PBXFileReference; lastKnownFileType = sourcecode.swift; path = DocsPaneModel.swift; sourceTree = "<group>"; };
		7B61BB4FEA96B70879A4BE26 /* SwiftTermGraphicsConsole.swift */ = {isa = PBXFileReference; lastKnownFileType = sourcecode.swift; path = SwiftTermGraphicsConsole.swift; sourceTree = "<group>"; };
		8A5D3DAABA1BA032F3E7B507 /* NerdPromptEditorView.swift */ = {isa = PBXFileReference; lastKnownFileType = sourcecode.swift; path = NerdPromptEditorView.swift; sourceTree = "<group>"; };
		9028AD794558129FE62B1489 /* RenderInputs.swift */ = {isa = PBXFileReference; lastKnownFileType = sourcecode.swift; path = RenderInputs.swift; sourceTree = "<group>"; };
		944D27C4D351F1DFFC50FE6D /* StudioAbout.swift */ = {isa = PBXFileReference; lastKnownFileType = sourcecode.swift; path = StudioAbout.swift; sourceTree = "<group>"; };
		96CA444014E259C30BE4F365 /* Demos */ = {isa = PBXFileReference; lastKnownFileType = folder; name = Demos; path = Sources/BASICStudio/Resources/Demos; sourceTree = SOURCE_ROOT; };
		978A628E72FF4EC7A86D81B0 /* StudioActiveUIShell.swift */ = {isa = PBXFileReference; lastKnownFileType = sourcecode.swift; path = StudioActiveUIShell.swift; sourceTree = "<group>"; };
		97D345D0E032E06BB808DA86 /* BASICStudio.swift */ = {isa = PBXFileReference; lastKnownFileType = sourcecode.swift; path = BASICStudio.swift; sourceTree = "<group>"; };
		9B36187CAF5A2F8FF3127D1A /* DocumentArchive */ = {isa = PBXFileReference; lastKnownFileType = folder; name = DocumentArchive; path = ../DocumentArchive; sourceTree = SOURCE_ROOT; };
		9C96E9F50B74F255489C86A6 /* GraphicsFramebuffer.swift */ = {isa = PBXFileReference; lastKnownFileType = sourcecode.swift; path = GraphicsFramebuffer.swift; sourceTree = "<group>"; };
		9C9B2EE479C7AD1539AEB20B /* Assets */ = {isa = PBXFileReference; lastKnownFileType = folder; name = Assets; path = Sources/BASICStudio/Resources/Assets; sourceTree = SOURCE_ROOT; };
		A01D222A22E3CB0848365480 /* ProjectModel.swift */ = {isa = PBXFileReference; lastKnownFileType = sourcecode.swift; path = ProjectModel.swift; sourceTree = "<group>"; };
		A38AB3D82C7A880B72971A1D /* StudioFonts.swift */ = {isa = PBXFileReference; lastKnownFileType = sourcecode.swift; path = StudioFonts.swift; sourceTree = "<group>"; };
		A3B2F0DC13D2CE57F3CDB486 /* StudioLaunchOptions.swift */ = {isa = PBXFileReference; lastKnownFileType = sourcecode.swift; path = StudioLaunchOptions.swift; sourceTree = "<group>"; };
		AAB2A5E9E8BD2995467EB4B1 /* InspectorLayout.swift */ = {isa = PBXFileReference; lastKnownFileType = sourcecode.swift; path = InspectorLayout.swift; sourceTree = "<group>"; };
		AADBF639C0AF1EFB97031FC3 /* StudioJITRun.swift */ = {isa = PBXFileReference; lastKnownFileType = sourcecode.swift; path = StudioJITRun.swift; sourceTree = "<group>"; };
		AC8C8C7D843AC2B834A2D4E7 /* DocsPaneAUI.swift */ = {isa = PBXFileReference; lastKnownFileType = sourcecode.swift; path = DocsPaneAUI.swift; sourceTree = "<group>"; };
		AF1AA5671B54AAC04C197A6E /* BASICStudio-iOS.app */ = {isa = PBXFileReference; includeInIndex = 0; lastKnownFileType = wrapper.application; path = "BASICStudio-iOS.app"; sourceTree = BUILT_PRODUCTS_DIR; };
		B28A38404D59414EADD295C5 /* Fonts */ = {isa = PBXFileReference; lastKnownFileType = folder; name = Fonts; path = Sources/BASICStudio/Resources/Fonts; sourceTree = SOURCE_ROOT; };
		C5330F694E45075A8E70C411 /* StudioSound.swift */ = {isa = PBXFileReference; lastKnownFileType = sourcecode.swift; path = StudioSound.swift; sourceTree = "<group>"; };
		C65E29E9A21893B7B0910040 /* PromptEditorAUI.swift */ = {isa = PBXFileReference; lastKnownFileType = sourcecode.swift; path = PromptEditorAUI.swift; sourceTree = "<group>"; };
		C8E4CEA6BE44158D1A14A993 /* StudioInputCoordinator.swift */ = {isa = PBXFileReference; lastKnownFileType = sourcecode.swift; path = StudioInputCoordinator.swift; sourceTree = "<group>"; };
		CD856E6A67B449DF70D14B01 /* NerdPromptSegments.swift */ = {isa = PBXFileReference; lastKnownFileType = sourcecode.swift; path = NerdPromptSegments.swift; sourceTree = "<group>"; };
		CEEA0F4A6FF62DCB06D74711 /* BASICStudioiOS.swift */ = {isa = PBXFileReference; lastKnownFileType = sourcecode.swift; path = BASICStudioiOS.swift; sourceTree = "<group>"; };
		DB6405A0933EA2491CDDF863 /* LogPane.swift */ = {isa = PBXFileReference; lastKnownFileType = sourcecode.swift; path = LogPane.swift; sourceTree = "<group>"; };
		E01D1E66A75BA2495AEA6493 /* ActiveUI */ = {isa = PBXFileReference; lastKnownFileType = folder; name = ActiveUI; path = ../../../../AIResearch/ActiveUI/Code/ActiveUI; sourceTree = SOURCE_ROOT; };
		E0BE4DFD00F4A6EE959D4034 /* StudioView.swift */ = {isa = PBXFileReference; lastKnownFileType = sourcecode.swift; path = StudioView.swift; sourceTree = "<group>"; };
		ED3E736836021C24D244390D /* DebugPaneModel.swift */ = {isa = PBXFileReference; lastKnownFileType = sourcecode.swift; path = DebugPaneModel.swift; sourceTree = "<group>"; };
		EEAD19BDF4AE663EFC800A55 /* StudioAppTheme.swift */ = {isa = PBXFileReference; lastKnownFileType = sourcecode.swift; path = StudioAppTheme.swift; sourceTree = "<group>"; };
		F768CDEF475FDA4603BD917D /* DebugPane.swift */ = {isa = PBXFileReference; lastKnownFileType = sourcecode.swift; path = DebugPane.swift; sourceTree = "<group>"; };
		FC78BBDAF3FC3C17C20E6B87 /* MenuCommandModel.swift */ = {isa = PBXFileReference; lastKnownFileType = sourcecode.swift; path = MenuCommandModel.swift; sourceTree = "<group>"; };
		FDA023CFFFD1F535E44E65FD /* SwiftyCodeEditor */ = {isa = PBXFileReference; lastKnownFileType = folder; name = SwiftyCodeEditor; path = ../../../../AIResearch/SwiftyTextEditor/Code/SwiftyCodeEditor; sourceTree = SOURCE_ROOT; };
/* End PBXFileReference section */

/* Begin PBXFrameworksBuildPhase section */
		26883428C25C965E16812B4B /* Frameworks */ = {
			isa = PBXFrameworksBuildPhase;
			buildActionMask = 2147483647;
			files = (
				DA07E45DC52C19B2820ECD8E /* BASICCore in Frameworks */,
				4F380BBEF0DDB5FAEC79AF58 /* SwiftTerm in Frameworks */,
				74D0835107EBA56BF18A331D /* VectorTerminalSDK in Frameworks */,
				BF42A79B77B89643F0C31695 /* MarkdownUI in Frameworks */,
				091E1770B6363E5775960262 /* DocumentArchive in Frameworks */,
				1AEDBCF61A189708EB2AF9A6 /* ActiveUI in Frameworks */,
				38BC0F614387753C63AE3A59 /* ActiveUIMarkdown in Frameworks */,
				6BABADE2659A798EF66D0DF8 /* ActiveUICode in Frameworks */,
				543916F96C24C380A7DEF63E /* SwiftyCodeEditor in Frameworks */,
			);
			runOnlyForDeploymentPostprocessing = 0;
		};
		6055D2B8BA12A0C755A660CB /* Frameworks */ = {
			isa = PBXFrameworksBuildPhase;
			buildActionMask = 2147483647;
			files = (
				41C898B7C97E7A21495E396D /* BASICCore in Frameworks */,
				C60D27DD81B28FC93816AD02 /* SwiftTerm in Frameworks */,
				FC80337FBB3440DB92ED692B /* VectorTerminalSDK in Frameworks */,
				47044532FD916CF337D08BFE /* MarkdownUI in Frameworks */,
				2F95A6FE16BD16C9A9F52D18 /* DocumentArchive in Frameworks */,
				FBC538EBADE880382929DBAA /* ActiveUI in Frameworks */,
				063B309AF05262967DF8B5E6 /* ActiveUIMarkdown in Frameworks */,
				01FA6E3FA7FDA58495D32DED /* ActiveUICode in Frameworks */,
				11F34446FB037BBC10B313CF /* ActiveUICoreEditor in Frameworks */,
			);
			runOnlyForDeploymentPostprocessing = 0;
		};
/* End PBXFrameworksBuildPhase section */

/* Begin PBXGroup section */
		105417A0EC732F96246ADE77 /* Products */ = {
			isa = PBXGroup;
			children = (
				AF1AA5671B54AAC04C197A6E /* BASICStudio-iOS.app */,
				393A6113D352F2C1DAC75002 /* BASICStudio.app */,
			);
			name = Products;
			sourceTree = "<group>";
		};
		33D3943C856DFB9A192C4330 /* Resources */ = {
			isa = PBXGroup;
			children = (
				9C9B2EE479C7AD1539AEB20B /* Assets */,
				3F0871282F50834880A591A8 /* Assets.xcassets */,
				96CA444014E259C30BE4F365 /* Demos */,
				B28A38404D59414EADD295C5 /* Fonts */,
				6338F8D64F595F8A442DCB46 /* Themes */,
				345DA55E34BEF73307F59C60 /* UserDocs.zip */,
			);
			path = Resources;
			sourceTree = "<group>";
		};
		5419FB8E0DBA93F8EB57F7D9 /* iOS */ = {
			isa = PBXGroup;
			children = (
				CEEA0F4A6FF62DCB06D74711 /* BASICStudioiOS.swift */,
			);
			path = iOS;
			sourceTree = "<group>";
		};
		636267F024623759EAFAB5A6 /* ActiveUIShell */ = {
			isa = PBXGroup;
			children = (
				4FB11C8419064B3C77C66BF2 /* DebugPaneAUI.swift */,
				AC8C8C7D843AC2B834A2D4E7 /* DocsPaneAUI.swift */,
				AAB2A5E9E8BD2995467EB4B1 /* InspectorLayout.swift */,
				274E10BC1DC8322BB117728E /* LogPaneAUI.swift */,
				C65E29E9A21893B7B0910040 /* PromptEditorAUI.swift */,
				474DC38E677600E2DD5C5C3A /* SettingsAUI.swift */,
				72D0EF453B77151D2563402A /* SourceEditorAUI.swift */,
				978A628E72FF4EC7A86D81B0 /* StudioActiveUIShell.swift */,
				EEAD19BDF4AE663EFC800A55 /* StudioAppTheme.swift */,
				4D7759E2A1D726D749736552 /* StudioAUIBridge.swift */,
			);
			path = ActiveUIShell;
			sourceTree = "<group>";
		};
		69210688B530071286A985B4 /* Packages */ = {
			isa = PBXGroup;
			children = (
				E01D1E66A75BA2495AEA6493 /* ActiveUI */,
				011AFAC86C3D24E2C652443E /* ActiveUICode */,
				01076CFFB99EF0CDC95B7827 /* ActiveUICoreEditor */,
				66762CB96B98F1DE50DFCE7D /* ActiveUIMarkdown */,
				2F75838E7973F9367D5B0837 /* BASICCore */,
				9B36187CAF5A2F8FF3127D1A /* DocumentArchive */,
				1EB2534D1B03D7BFF565C132 /* SwiftTerm */,
				FDA023CFFFD1F535E44E65FD /* SwiftyCodeEditor */,
			);
			name = Packages;
			sourceTree = "<group>";
		};
		883262CA887E26D7AAEE209F = {
			isa = PBXGroup;
			children = (
				5419FB8E0DBA93F8EB57F7D9 /* iOS */,
				69210688B530071286A985B4 /* Packages */,
				8CFC1FC8D3751109F245ACC0 /* Sources */,
				105417A0EC732F96246ADE77 /* Products */,
			);
			sourceTree = "<group>";
		};
		8CFC1FC8D3751109F245ACC0 /* Sources */ = {
			isa = PBXGroup;
			children = (
				B0DE3C2FBCEC82024D7114EA /* BASICStudio */,
			);
			path = Sources;
			sourceTree = "<group>";
		};
		B0DE3C2FBCEC82024D7114EA /* BASICStudio */ = {
			isa = PBXGroup;
			children = (
				97D345D0E032E06BB808DA86 /* BASICStudio.swift */,
				1F6A9B51D88CAE3608DEFB6C /* BASICStudioApp.swift */,
				F768CDEF475FDA4603BD917D /* DebugPane.swift */,
				9C96E9F50B74F255489C86A6 /* GraphicsFramebuffer.swift */,
				DB6405A0933EA2491CDDF863 /* LogPane.swift */,
				0CB8284FB31709C1BD017047 /* MonacoEditor.swift */,
				944D27C4D351F1DFFC50FE6D /* StudioAbout.swift */,
				A38AB3D82C7A880B72971A1D /* StudioFonts.swift */,
				1E15A9808D4C85BB5884161A /* StudioHostFlags.swift */,
				C8E4CEA6BE44158D1A14A993 /* StudioInputCoordinator.swift */,
				AADBF639C0AF1EFB97031FC3 /* StudioJITRun.swift */,
				A3B2F0DC13D2CE57F3CDB486 /* StudioLaunchOptions.swift */,
				6AB855670D7A6C23AA4BC7AC /* StudioModel.swift */,
				338C8D7C152FF259259BC8FA /* StudioModelHostConformance.swift */,
				5472221B9FB79FDAA9BB355A /* StudioSettings.swift */,
				C5330F694E45075A8E70C411 /* StudioSound.swift */,
				5ADB21C095AEA96F4CCF48F3 /* StudioTUIDriver.swift */,
				4374AC2CA731F78F135C262B /* StudioTypes.swift */,
				E0BE4DFD00F4A6EE959D4034 /* StudioView.swift */,
				7B61BB4FEA96B70879A4BE26 /* SwiftTermGraphicsConsole.swift */,
				22C134A50A2186A84C4E7BDE /* UserDocumentationPane.swift */,
				636267F024623759EAFAB5A6 /* ActiveUIShell */,
				BE666396AA58CBDE82B152A4 /* NerdPromptEditorView */,
				33D3943C856DFB9A192C4330 /* Resources */,
				C9176C7E3D90C336C0590EBC /* ViewModels */,
			);
			path = BASICStudio;
			sourceTree = "<group>";
		};
		BE666396AA58CBDE82B152A4 /* NerdPromptEditorView */ = {
			isa = PBXGroup;
			children = (
				8A5D3DAABA1BA032F3E7B507 /* NerdPromptEditorView.swift */,
			);
			path = NerdPromptEditorView;
			sourceTree = "<group>";
		};
		C9176C7E3D90C336C0590EBC /* ViewModels */ = {
			isa = PBXGroup;
			children = (
				ED3E736836021C24D244390D /* DebugPaneModel.swift */,
				786414E68D08A63E6898020E /* DocsPaneModel.swift */,
				689A82CD724959C8AA8FE537 /* LogPaneModel.swift */,
				FC78BBDAF3FC3C17C20E6B87 /* MenuCommandModel.swift */,
				CD856E6A67B449DF70D14B01 /* NerdPromptSegments.swift */,
				A01D222A22E3CB0848365480 /* ProjectModel.swift */,
				48FFDD9C956077CA2BBAB7D6 /* PromptEditorModel.swift */,
				9028AD794558129FE62B1489 /* RenderInputs.swift */,
				20D23305654DCC7C771397BA /* SettingsViewModel.swift */,
				5A05717AC3D906F60E4FA227 /* StudioShellModel.swift */,
			);
			path = ViewModels;
			sourceTree = "<group>";
		};
/* End PBXGroup section */

/* Begin PBXNativeTarget section */
		6AA116F04F4DDCF4C7256D35 /* BASICStudio */ = {
			isa = PBXNativeTarget;
			buildConfigurationList = AF7ACD93A0F8AE5CE7518E54 /* Build configuration list for PBXNativeTarget "BASICStudio" */;
			buildPhases = (
				77AECDD00CF9988949BD91C8 /* Sources */,
				F1646155685F33C904BB9409 /* Resources */,
				26883428C25C965E16812B4B /* Frameworks */,
				8BD1208B9E0DCAA7D9AC1A20 /* Embed Frameworks */,
			);
			buildRules = (
			);
			dependencies = (
			);
			name = BASICStudio;
			packageProductDependencies = (
				A5E611364F88C87B9EAAD4AF /* BASICCore */,
				130A03B0A453DD5074363E15 /* SwiftTerm */,
				21507555AB51C2FBB797BF22 /* VectorTerminalSDK */,
				EF38E292B830FC5A0F76CE1D /* MarkdownUI */,
				5AAB125FD1626D4E8281F069 /* DocumentArchive */,
				717CF46DC0F9232475AACCEA /* ActiveUI */,
				810D5F6D49EC115C4CFACF04 /* ActiveUIMarkdown */,
				08C7821063F11AADE9C1548C /* ActiveUICode */,
				955277B154524A585B8D179D /* SwiftyCodeEditor */,
			);
			productName = BASICStudio;
			productReference = 393A6113D352F2C1DAC75002 /* BASICStudio.app */;
			productType = "com.apple.product-type.application";
		};
		B3CBD830C365AF79943D50D4 /* BASICStudio-iOS */ = {
			isa = PBXNativeTarget;
			buildConfigurationList = 5A68F351B2D19F3CEA3AFF96 /* Build configuration list for PBXNativeTarget "BASICStudio-iOS" */;
			buildPhases = (
				7EDB58C327E3CECC164E5533 /* Sources */,
				C4BE2DDD7677AFC4F070BF93 /* Resources */,
				6055D2B8BA12A0C755A660CB /* Frameworks */,
				38CCCDA3FF24CF2F7BA2C087 /* Embed Frameworks */,
			);
			buildRules = (
			);
			dependencies = (
			);
			name = "BASICStudio-iOS";
			packageProductDependencies = (
				F996DC30A96A7927F54B377C /* BASICCore */,
				4FCF7AE734FDC4B7B917BBD7 /* SwiftTerm */,
				8964F8C16B54EDC134459B2E /* VectorTerminalSDK */,
				6794AFCFED8BF24845F1D2D0 /* MarkdownUI */,
				50B80D301CFFA94A39A1AF20 /* DocumentArchive */,
				631B95E6F76EB92AAB7792ED /* ActiveUI */,
				D9A4F83464CADD0769EA55F8 /* ActiveUIMarkdown */,
				6A5BE94B977EEA0FFF0433E8 /* ActiveUICode */,
				2BE869386D81B9149D57D58B /* ActiveUICoreEditor */,
			);
			productName = "BASICStudio-iOS";
			productReference = AF1AA5671B54AAC04C197A6E /* BASICStudio-iOS.app */;
			productType = "com.apple.product-type.application";
		};
/* End PBXNativeTarget section */

/* Begin PBXProject section */
		70F0BCEAC4CE73C929655E60 /* Project object */ = {
			isa = PBXProject;
			attributes = {
				BuildIndependentTargetsInParallel = YES;
				LastUpgradeCheck = 1430;
				TargetAttributes = {
					6AA116F04F4DDCF4C7256D35 = {
						DevelopmentTeam = 4G3PGPSVTU;
						ProvisioningStyle = Automatic;
					};
					B3CBD830C365AF79943D50D4 = {
						DevelopmentTeam = 4G3PGPSVTU;
						ProvisioningStyle = Automatic;
					};
				};
			};
			buildConfigurationList = 528EEB4651693307F4A5BB54 /* Build configuration list for PBXProject "BASICStudio" */;
			developmentRegion = en;
			hasScannedForEncodings = 0;
			knownRegions = (
				Base,
				en,
			);
			mainGroup = 883262CA887E26D7AAEE209F;
			minimizedProjectReferenceProxies = 1;
			packageReferences = (
				C29EBCC0C6B0AAF73AA789AB /* XCRemoteSwiftPackageReference "swift-markdown-ui" */,
				F766C66770B99FFD0D86DFFE /* XCRemoteSwiftPackageReference "VectorTerminalSDK" */,
				E88FD3C083EEDDCE90DCC798 /* XCLocalSwiftPackageReference "../../../../AIResearch/ActiveUI/Code/ActiveUI" */,
				4AE31DEFF35EF04327D7CE47 /* XCLocalSwiftPackageReference "../../../../AIResearch/ActiveUI/Code/ActiveUICode" */,
				356F9274F60157ABCA4D3A05 /* XCLocalSwiftPackageReference "../../../../AIResearch/ActiveUI/Code/ActiveUICoreEditor" */,
				BAA134AC8186EEF8E6B53498 /* XCLocalSwiftPackageReference "../../../../AIResearch/ActiveUI/Code/ActiveUIMarkdown" */,
				51196CCCA29E213E68ADF750 /* XCLocalSwiftPackageReference "../BASICCore" */,
				530285D0FF39F32DD8A80DC9 /* XCLocalSwiftPackageReference "../DocumentArchive" */,
				D3BAD6ABFA4C7A521086FE97 /* XCLocalSwiftPackageReference "../../../../AIResearch/GraphicalTerminal/Code/SwiftTerm" */,
				25EFF9CF2C51DE9F3649914D /* XCLocalSwiftPackageReference "../../../../AIResearch/SwiftyTextEditor/Code/SwiftyCodeEditor" */,
			);
			preferredProjectObjectVersion = 77;
			productRefGroup = 105417A0EC732F96246ADE77 /* Products */;
			projectDirPath = "";
			projectRoot = "";
			targets = (
				6AA116F04F4DDCF4C7256D35 /* BASICStudio */,
				B3CBD830C365AF79943D50D4 /* BASICStudio-iOS */,
			);
		};
/* End PBXProject section */

/* Begin PBXResourcesBuildPhase section */
		C4BE2DDD7677AFC4F070BF93 /* Resources */ = {
			isa = PBXResourcesBuildPhase;
			buildActionMask = 2147483647;
			files = (
				0209F8681EFC161C124A81A1 /* Assets in Resources */,
				3B6F98A8E6619180E076838C /* Assets.xcassets in Resources */,
				2E4B96735A9006DE615F1E99 /* Demos in Resources */,
				B0D5C46F25D36C3FBEE5C1C6 /* Fonts in Resources */,
				FDA5882F3E2AC819D4E29C7C /* Themes in Resources */,
				B5D8E5F67FE6BFC73DEF3F6C /* UserDocs.zip in Resources */,
			);
			runOnlyForDeploymentPostprocessing = 0;
		};
		F1646155685F33C904BB9409 /* Resources */ = {
			isa = PBXResourcesBuildPhase;
			buildActionMask = 2147483647;
			files = (
				B0B26D83A69449507033F56B /* Assets in Resources */,
				55AA22B456CC0B14F3F85659 /* Assets.xcassets in Resources */,
				AE5E41C53A99364CDA4C82E6 /* Demos in Resources */,
				7091141BEB6366B0BF388EC6 /* Fonts in Resources */,
				B1D4EE89EC954CE224038E7F /* Themes in Resources */,
				9DB0288E1B8117B54E524CB2 /* UserDocs.zip in Resources */,
			);
			runOnlyForDeploymentPostprocessing = 0;
		};
/* End PBXResourcesBuildPhase section */

/* Begin PBXSourcesBuildPhase section */
		77AECDD00CF9988949BD91C8 /* Sources */ = {
			isa = PBXSourcesBuildPhase;
			buildActionMask = 2147483647;
			files = (
				9965B7A9DBA91E2EF9F92322 /* BASICStudio.swift in Sources */,
				C08D96C34D79759D44AF4197 /* BASICStudioApp.swift in Sources */,
				43F22C7C5E351E6D8886C112 /* DebugPane.swift in Sources */,
				26AFE5ECDC44878B0F8A5621 /* DebugPaneAUI.swift in Sources */,
				E2BB610C9A6139F7AE4A8034 /* DebugPaneModel.swift in Sources */,
				9606D359B9EB6DF218563A37 /* DocsPaneAUI.swift in Sources */,
				797CEBCC3F1A3E1385DF48F0 /* DocsPaneModel.swift in Sources */,
				FFB04B116964DB84B8244602 /* GraphicsFramebuffer.swift in Sources */,
				A84D9C63ACA6E0B650C89872 /* InspectorLayout.swift in Sources */,
				0057004C4A2148E02E99D2A2 /* LogPane.swift in Sources */,
				4D7FD52C1482075CEA7484E4 /* LogPaneAUI.swift in Sources */,
				ADA6A24313C5FC396E1ADBE5 /* LogPaneModel.swift in Sources */,
				A701F0C2F75FDF8FEA13549B /* MenuCommandModel.swift in Sources */,
				8D89B2C60ED71E15D0CBBA80 /* MonacoEditor.swift in Sources */,
				34689C416CEB23C25E5C8455 /* NerdPromptEditorView.swift in Sources */,
				58976B826AE6E3E9FA6967AA /* NerdPromptSegments.swift in Sources */,
				C2F4002E9B0C824E4C39C745 /* ProjectModel.swift in Sources */,
				EE0BD2A9EB37867810043CF1 /* PromptEditorAUI.swift in Sources */,
				48D9ACA2F311AA58216CF400 /* PromptEditorModel.swift in Sources */,
				44FE9EE08A4BB2C50D554C20 /* RenderInputs.swift in Sources */,
				6095E23C83DAF700CE5333E9 /* SettingsAUI.swift in Sources */,
				B7922A21D2E5A7B60E0CDF0D /* SettingsViewModel.swift in Sources */,
				8491C77AAFE0684FB7E5BD47 /* SourceEditorAUI.swift in Sources */,
				9F2A3BF20C0C0DDB72F667F5 /* StudioAUIBridge.swift in Sources */,
				A1432993494F6BA04B2BAD6C /* StudioAbout.swift in Sources */,
				D05ADC8871BB376F69B2C843 /* StudioActiveUIShell.swift in Sources */,
				02730A16BBF74C260858CABD /* StudioAppTheme.swift in Sources */,
				2A28D7C1DE29AE611A5FCB7E /* StudioFonts.swift in Sources */,
				2F93BA890A43754B6FAD1033 /* StudioHostFlags.swift in Sources */,
				4E55CE31851BF0FD6FFCB6D1 /* StudioInputCoordinator.swift in Sources */,
				C5221EF5D5E176F1B1990362 /* StudioJITRun.swift in Sources */,
				CB4C8857336B27C3D4574089 /* StudioLaunchOptions.swift in Sources */,
				3B2F5ADAD0C26B6619742F8A /* StudioModel.swift in Sources */,
				693D21E373FDDEE4439DCFF6 /* StudioModelHostConformance.swift in Sources */,
				CE457D4D17903D667C245493 /* StudioSettings.swift in Sources */,
				C1D294560A121336FE4AAF4D /* StudioShellModel.swift in Sources */,
				093567BDF2F436525E5F2ECC /* StudioSound.swift in Sources */,
				B621B0BD8B331CA053F4D096 /* StudioTUIDriver.swift in Sources */,
				2119DDFCA1CE58512F67C90A /* StudioTypes.swift in Sources */,
				986C8F3DCC540D2F65EF5187 /* StudioView.swift in Sources */,
				A5649F7AFD7F4B2280225D03 /* SwiftTermGraphicsConsole.swift in Sources */,
				123CBE58C61DD88B7D7D1E3A /* UserDocumentationPane.swift in Sources */,
			);
			runOnlyForDeploymentPostprocessing = 0;
		};
		7EDB58C327E3CECC164E5533 /* Sources */ = {
			isa = PBXSourcesBuildPhase;
			buildActionMask = 2147483647;
			files = (
				47A9857814619923594CCAC8 /* BASICStudioiOS.swift in Sources */,
				D89B3A1B19327DD802493E7D /* DebugPaneAUI.swift in Sources */,
				59F09F7AB9E4050D8FE43FC8 /* DebugPaneModel.swift in Sources */,
				C9D09F3FC54365D4E62BAC0F /* DocsPaneAUI.swift in Sources */,
				4EE020915A73D66E6029DFA2 /* DocsPaneModel.swift in Sources */,
				0685068EFD572489674DCC4A /* GraphicsFramebuffer.swift in Sources */,
				61DE84050C4B38D3C1D1A9EB /* InspectorLayout.swift in Sources */,
				B5FF04765A7317D31E6841C6 /* LogPaneAUI.swift in Sources */,
				DA93E2AA79828870737D4009 /* LogPaneModel.swift in Sources */,
				5FD527AFCDCC2CDDED890008 /* MenuCommandModel.swift in Sources */,
				54B1B557BF391D0C0593720C /* NerdPromptSegments.swift in Sources */,
				8274C17D24F7C4BE5D62A5B3 /* ProjectModel.swift in Sources */,
				196B696B2A6B42F526ECD7AC /* PromptEditorAUI.swift in Sources */,
				C5182AF195339C8C5C164CCF /* PromptEditorModel.swift in Sources */,
				62C6EF49F258F42796EE77C4 /* RenderInputs.swift in Sources */,
				2A5E43D6901CA4826F9048B7 /* SettingsAUI.swift in Sources */,
				290BC8E580C6DF4CD199A74B /* SettingsViewModel.swift in Sources */,
				6D2FB1742917B29C49D194C4 /* SourceEditorAUI.swift in Sources */,
				ADDFE6A9D2FDACA2F68836A8 /* StudioAUIBridge.swift in Sources */,
				2F5264978E8C6E2913DD8B8D /* StudioActiveUIShell.swift in Sources */,
				BFE2A211DF479CB39770D73E /* StudioAppTheme.swift in Sources */,
				A2B52125DD80C4AB8C550CAF /* StudioFonts.swift in Sources */,
				542CEC2112B196DDB36AD540 /* StudioHostFlags.swift in Sources */,
				0B5521E79B9FA05A08A81339 /* StudioInputCoordinator.swift in Sources */,
				E0B7DE9AA99281653B58BED4 /* StudioJITRun.swift in Sources */,
				EB787163C62D04223B50C411 /* StudioLaunchOptions.swift in Sources */,
				2AC255094C828E26892B4697 /* StudioModel.swift in Sources */,
				74E30F5278F0970FD4856435 /* StudioModelHostConformance.swift in Sources */,
				FD6F88DDA2245FADC64D7A83 /* StudioSettings.swift in Sources */,
				A920F5FEAE1652A798D98BF0 /* StudioShellModel.swift in Sources */,
				4D62081D908243760D673386 /* StudioSound.swift in Sources */,
				B8DAF256B206B91A26B38239 /* StudioTUIDriver.swift in Sources */,
				0F1F3E09500DA103690EB456 /* StudioTypes.swift in Sources */,
				00924436B19B72D30F51108C /* SwiftTermGraphicsConsole.swift in Sources */,
				1D0ABCD72B7C3DAF6ABE7A94 /* UserDocumentationPane.swift in Sources */,
			);
			runOnlyForDeploymentPostprocessing = 0;
		};
/* End PBXSourcesBuildPhase section */

/* Begin XCBuildConfiguration section */
		1A196D4573ABD1EE483DE02B /* Release */ = {
			isa = XCBuildConfiguration;
			buildSettings = {
				ALWAYS_SEARCH_USER_PATHS = NO;
				CLANG_ANALYZER_NONNULL = YES;
				CLANG_ANALYZER_NUMBER_OBJECT_CONVERSION = YES_AGGRESSIVE;
				CLANG_CXX_LANGUAGE_STANDARD = "gnu++14";
				CLANG_CXX_LIBRARY = "libc++";
				CLANG_ENABLE_MODULES = YES;
				CLANG_ENABLE_OBJC_ARC = YES;
				CLANG_ENABLE_OBJC_WEAK = YES;
				CLANG_WARN_BLOCK_CAPTURE_AUTORELEASING = YES;
				CLANG_WARN_BOOL_CONVERSION = YES;
				CLANG_WARN_COMMA = YES;
				CLANG_WARN_CONSTANT_CONVERSION = YES;
				CLANG_WARN_DEPRECATED_OBJC_IMPLEMENTATIONS = YES;
				CLANG_WARN_DIRECT_OBJC_ISA_USAGE = YES_ERROR;
				CLANG_WARN_DOCUMENTATION_COMMENTS = YES;
				CLANG_WARN_EMPTY_BODY = YES;
				CLANG_WARN_ENUM_CONVERSION = YES;
				CLANG_WARN_INFINITE_RECURSION = YES;
				CLANG_WARN_INT_CONVERSION = YES;
				CLANG_WARN_NON_LITERAL_NULL_CONVERSION = YES;
				CLANG_WARN_OBJC_IMPLICIT_RETAIN_SELF = YES;
				CLANG_WARN_OBJC_LITERAL_CONVERSION = YES;
				CLANG_WARN_OBJC_ROOT_CLASS = YES_ERROR;
				CLANG_WARN_QUOTED_INCLUDE_IN_FRAMEWORK_HEADER = YES;
				CLANG_WARN_RANGE_LOOP_ANALYSIS = YES;
				CLANG_WARN_STRICT_PROTOTYPES = YES;
				CLANG_WARN_SUSPICIOUS_MOVE = YES;
				CLANG_WARN_UNGUARDED_AVAILABILITY = YES_AGGRESSIVE;
				CLANG_WARN_UNREACHABLE_CODE = YES;
				CLANG_WARN__DUPLICATE_METHOD_MATCH = YES;
				COPY_PHASE_STRIP = NO;
				DEBUG_INFORMATION_FORMAT = "dwarf-with-dsym";
				ENABLE_NS_ASSERTIONS = NO;
				ENABLE_STRICT_OBJC_MSGSEND = YES;
				GCC_C_LANGUAGE_STANDARD = gnu11;
				GCC_NO_COMMON_BLOCKS = YES;
				GCC_WARN_64_TO_32_BIT_CONVERSION = YES;
				GCC_WARN_ABOUT_RETURN_TYPE = YES_ERROR;
				GCC_WARN_UNDECLARED_SELECTOR = YES;
				GCC_WARN_UNINITIALIZED_AUTOS = YES_AGGRESSIVE;
				GCC_WARN_UNUSED_FUNCTION = YES;
				GCC_WARN_UNUSED_VARIABLE = YES;
				MACOSX_DEPLOYMENT_TARGET = 16.0;
				MTL_ENABLE_DEBUG_INFO = NO;
				MTL_FAST_MATH = YES;
				PRODUCT_NAME = "$(TARGET_NAME)";
				SWIFT_COMPILATION_MODE = wholemodule;
				SWIFT_OPTIMIZATION_LEVEL = "-O";
				SWIFT_VERSION = 6.0;
			};
			name = Release;
		};
		44FC58A722A76016B405A434 /* Debug */ = {
			isa = XCBuildConfiguration;
			buildSettings = {
				ALWAYS_SEARCH_USER_PATHS = NO;
				CLANG_ANALYZER_NONNULL = YES;
				CLANG_ANALYZER_NUMBER_OBJECT_CONVERSION = YES_AGGRESSIVE;
				CLANG_CXX_LANGUAGE_STANDARD = "gnu++14";
				CLANG_CXX_LIBRARY = "libc++";
				CLANG_ENABLE_MODULES = YES;
				CLANG_ENABLE_OBJC_ARC = YES;
				CLANG_ENABLE_OBJC_WEAK = YES;
				CLANG_WARN_BLOCK_CAPTURE_AUTORELEASING = YES;
				CLANG_WARN_BOOL_CONVERSION = YES;
				CLANG_WARN_COMMA = YES;
				CLANG_WARN_CONSTANT_CONVERSION = YES;
				CLANG_WARN_DEPRECATED_OBJC_IMPLEMENTATIONS = YES;
				CLANG_WARN_DIRECT_OBJC_ISA_USAGE = YES_ERROR;
				CLANG_WARN_DOCUMENTATION_COMMENTS = YES;
				CLANG_WARN_EMPTY_BODY = YES;
				CLANG_WARN_ENUM_CONVERSION = YES;
				CLANG_WARN_INFINITE_RECURSION = YES;
				CLANG_WARN_INT_CONVERSION = YES;
				CLANG_WARN_NON_LITERAL_NULL_CONVERSION = YES;
				CLANG_WARN_OBJC_IMPLICIT_RETAIN_SELF = YES;
				CLANG_WARN_OBJC_LITERAL_CONVERSION = YES;
				CLANG_WARN_OBJC_ROOT_CLASS = YES_ERROR;
				CLANG_WARN_QUOTED_INCLUDE_IN_FRAMEWORK_HEADER = YES;
				CLANG_WARN_RANGE_LOOP_ANALYSIS = YES;
				CLANG_WARN_STRICT_PROTOTYPES = YES;
				CLANG_WARN_SUSPICIOUS_MOVE = YES;
				CLANG_WARN_UNGUARDED_AVAILABILITY = YES_AGGRESSIVE;
				CLANG_WARN_UNREACHABLE_CODE = YES;
				CLANG_WARN__DUPLICATE_METHOD_MATCH = YES;
				COPY_PHASE_STRIP = NO;
				DEBUG_INFORMATION_FORMAT = dwarf;
				ENABLE_STRICT_OBJC_MSGSEND = YES;
				ENABLE_TESTABILITY = YES;
				GCC_C_LANGUAGE_STANDARD = gnu11;
				GCC_DYNAMIC_NO_PIC = NO;
				GCC_NO_COMMON_BLOCKS = YES;
				GCC_OPTIMIZATION_LEVEL = 0;
				GCC_PREPROCESSOR_DEFINITIONS = (
					"$(inherited)",
					"DEBUG=1",
				);
				GCC_WARN_64_TO_32_BIT_CONVERSION = YES;
				GCC_WARN_ABOUT_RETURN_TYPE = YES_ERROR;
				GCC_WARN_UNDECLARED_SELECTOR = YES;
				GCC_WARN_UNINITIALIZED_AUTOS = YES_AGGRESSIVE;
				GCC_WARN_UNUSED_FUNCTION = YES;
				GCC_WARN_UNUSED_VARIABLE = YES;
				MACOSX_DEPLOYMENT_TARGET = 16.0;
				MTL_ENABLE_DEBUG_INFO = INCLUDE_SOURCE;
				MTL_FAST_MATH = YES;
				ONLY_ACTIVE_ARCH = YES;
				PRODUCT_NAME = "$(TARGET_NAME)";
				SWIFT_ACTIVE_COMPILATION_CONDITIONS = DEBUG;
				SWIFT_OPTIMIZATION_LEVEL = "-Onone";
				SWIFT_VERSION = 6.0;
			};
			name = Debug;
		};
		555A41382C9E49882BB3F1AD /* Release */ = {
			isa = XCBuildConfiguration;
			buildSettings = {
				ASSETCATALOG_COMPILER_APPICON_NAME = AppIcon;
				CODE_SIGN_IDENTITY = "iPhone Developer";
				CODE_SIGN_STYLE = Automatic;
				CURRENT_PROJECT_VERSION = 1;
				DEVELOPMENT_TEAM = 4G3PGPSVTU;
				GENERATE_INFOPLIST_FILE = NO;
				INFOPLIST_FILE = iOS/Info.plist;
				IPHONEOS_DEPLOYMENT_TARGET = 17.0;
				LD_RUNPATH_SEARCH_PATHS = (
					"$(inherited)",
					"@executable_path/Frameworks",
				);
				MARKETING_VERSION = 0.1;
				PRODUCT_BUNDLE_IDENTIFIER = com.aibasic.BASICStudio;
				SDKROOT = iphoneos;
				SWIFT_VERSION = 6.0;
				TARGETED_DEVICE_FAMILY = "1,2";
			};
			name = Release;
		};
		6585E809A5CCDBA73D2EACB2 /* Debug */ = {
			isa = XCBuildConfiguration;
			buildSettings = {
				ASSETCATALOG_COMPILER_APPICON_NAME = AppIcon;
				CODE_SIGN_IDENTITY = "iPhone Developer";
				CODE_SIGN_STYLE = Automatic;
				CURRENT_PROJECT_VERSION = 1;
				DEVELOPMENT_TEAM = 4G3PGPSVTU;
				GENERATE_INFOPLIST_FILE = NO;
				INFOPLIST_FILE = iOS/Info.plist;
				IPHONEOS_DEPLOYMENT_TARGET = 17.0;
				LD_RUNPATH_SEARCH_PATHS = (
					"$(inherited)",
					"@executable_path/Frameworks",
				);
				MARKETING_VERSION = 0.1;
				PRODUCT_BUNDLE_IDENTIFIER = com.aibasic.BASICStudio;
				SDKROOT = iphoneos;
				SWIFT_VERSION = 6.0;
				TARGETED_DEVICE_FAMILY = "1,2";
			};
			name = Debug;
		};
		BABC0928F8BD93E924E07059 /* Debug */ = {
			isa = XCBuildConfiguration;
			buildSettings = {
				ASSETCATALOG_COMPILER_APPICON_NAME = AppIcon;
				CODE_SIGN_STYLE = Automatic;
				COMBINE_HIDPI_IMAGES = YES;
				CURRENT_PROJECT_VERSION = 1;
				DEVELOPMENT_TEAM = 4G3PGPSVTU;
				ENABLE_HARDENED_RUNTIME = NO;
				GENERATE_INFOPLIST_FILE = YES;
				INFOPLIST_KEY_CFBundleDisplayName = BASICStudio;
				INFOPLIST_KEY_LSApplicationCategoryType = "public.app-category.developer-tools";
				INFOPLIST_KEY_NSHumanReadableCopyright = "Copyright © 2026";
				LD_RUNPATH_SEARCH_PATHS = (
					"$(inherited)",
					"@executable_path/../Frameworks",
				);
				MARKETING_VERSION = 0.1;
				PRODUCT_BUNDLE_IDENTIFIER = com.aibasic.BASICStudio;
				SDKROOT = macosx;
			};
			name = Debug;
		};
		FA0800167FDEE34CE89DEFF1 /* Release */ = {
			isa = XCBuildConfiguration;
			buildSettings = {
				ASSETCATALOG_COMPILER_APPICON_NAME = AppIcon;
				CODE_SIGN_STYLE = Automatic;
				COMBINE_HIDPI_IMAGES = YES;
				CURRENT_PROJECT_VERSION = 1;
				DEVELOPMENT_TEAM = 4G3PGPSVTU;
				ENABLE_HARDENED_RUNTIME = NO;
				GENERATE_INFOPLIST_FILE = YES;
				INFOPLIST_KEY_CFBundleDisplayName = BASICStudio;
				INFOPLIST_KEY_LSApplicationCategoryType = "public.app-category.developer-tools";
				INFOPLIST_KEY_NSHumanReadableCopyright = "Copyright © 2026";
				LD_RUNPATH_SEARCH_PATHS = (
					"$(inherited)",
					"@executable_path/../Frameworks",
				);
				MARKETING_VERSION = 0.1;
				PRODUCT_BUNDLE_IDENTIFIER = com.aibasic.BASICStudio;
				SDKROOT = macosx;
			};
			name = Release;
		};
/* End XCBuildConfiguration section */

/* Begin XCConfigurationList section */
		528EEB4651693307F4A5BB54 /* Build configuration list for PBXProject "BASICStudio" */ = {
			isa = XCConfigurationList;
			buildConfigurations = (
				44FC58A722A76016B405A434 /* Debug */,
				1A196D4573ABD1EE483DE02B /* Release */,
			);
			defaultConfigurationIsVisible = 0;
			defaultConfigurationName = Debug;
		};
		5A68F351B2D19F3CEA3AFF96 /* Build configuration list for PBXNativeTarget "BASICStudio-iOS" */ = {
			isa = XCConfigurationList;
			buildConfigurations = (
				6585E809A5CCDBA73D2EACB2 /* Debug */,
				555A41382C9E49882BB3F1AD /* Release */,
			);
			defaultConfigurationIsVisible = 0;
			defaultConfigurationName = Debug;
		};
		AF7ACD93A0F8AE5CE7518E54 /* Build configuration list for PBXNativeTarget "BASICStudio" */ = {
			isa = XCConfigurationList;
			buildConfigurations = (
				BABC0928F8BD93E924E07059 /* Debug */,
				FA0800167FDEE34CE89DEFF1 /* Release */,
			);
			defaultConfigurationIsVisible = 0;
			defaultConfigurationName = Debug;
		};
/* End XCConfigurationList section */

/* Begin XCLocalSwiftPackageReference section */
		25EFF9CF2C51DE9F3649914D /* XCLocalSwiftPackageReference "../../../../AIResearch/SwiftyTextEditor/Code/SwiftyCodeEditor" */ = {
			isa = XCLocalSwiftPackageReference;
			relativePath = ../../../../AIResearch/SwiftyTextEditor/Code/SwiftyCodeEditor;
		};
		356F9274F60157ABCA4D3A05 /* XCLocalSwiftPackageReference "../../../../AIResearch/ActiveUI/Code/ActiveUICoreEditor" */ = {
			isa = XCLocalSwiftPackageReference;
			relativePath = ../../../../AIResearch/ActiveUI/Code/ActiveUICoreEditor;
		};
		4AE31DEFF35EF04327D7CE47 /* XCLocalSwiftPackageReference "../../../../AIResearch/ActiveUI/Code/ActiveUICode" */ = {
			isa = XCLocalSwiftPackageReference;
			relativePath = ../../../../AIResearch/ActiveUI/Code/ActiveUICode;
		};
		51196CCCA29E213E68ADF750 /* XCLocalSwiftPackageReference "../BASICCore" */ = {
			isa = XCLocalSwiftPackageReference;
			relativePath = ../BASICCore;
		};
		530285D0FF39F32DD8A80DC9 /* XCLocalSwiftPackageReference "../DocumentArchive" */ = {
			isa = XCLocalSwiftPackageReference;
			relativePath = ../DocumentArchive;
		};
		BAA134AC8186EEF8E6B53498 /* XCLocalSwiftPackageReference "../../../../AIResearch/ActiveUI/Code/ActiveUIMarkdown" */ = {
			isa = XCLocalSwiftPackageReference;
			relativePath = ../../../../AIResearch/ActiveUI/Code/ActiveUIMarkdown;
		};
		D3BAD6ABFA4C7A521086FE97 /* XCLocalSwiftPackageReference "../../../../AIResearch/GraphicalTerminal/Code/SwiftTerm" */ = {
			isa = XCLocalSwiftPackageReference;
			relativePath = ../../../../AIResearch/GraphicalTerminal/Code/SwiftTerm;
		};
		E88FD3C083EEDDCE90DCC798 /* XCLocalSwiftPackageReference "../../../../AIResearch/ActiveUI/Code/ActiveUI" */ = {
			isa = XCLocalSwiftPackageReference;
			relativePath = ../../../../AIResearch/ActiveUI/Code/ActiveUI;
		};
/* End XCLocalSwiftPackageReference section */

/* Begin XCRemoteSwiftPackageReference section */
		C29EBCC0C6B0AAF73AA789AB /* XCRemoteSwiftPackageReference "swift-markdown-ui" */ = {
			isa = XCRemoteSwiftPackageReference;
			repositoryURL = "https://github.com/gonzalezreal/swift-markdown-ui";
			requirement = {
				kind = upToNextMajorVersion;
				minimumVersion = 2.4.1;
			};
		};
		F766C66770B99FFD0D86DFFE /* XCRemoteSwiftPackageReference "VectorTerminalSDK" */ = {
			isa = XCRemoteSwiftPackageReference;
			repositoryURL = "https://github.com/bobbyski/VectorTerminalSDK.git";
			requirement = {
				kind = upToNextMajorVersion;
				minimumVersion = 1.5.6;
			};
		};
/* End XCRemoteSwiftPackageReference section */

/* Begin XCSwiftPackageProductDependency section */
		08C7821063F11AADE9C1548C /* ActiveUICode */ = {
			isa = XCSwiftPackageProductDependency;
			productName = ActiveUICode;
		};
		130A03B0A453DD5074363E15 /* SwiftTerm */ = {
			isa = XCSwiftPackageProductDependency;
			productName = SwiftTerm;
		};
		21507555AB51C2FBB797BF22 /* VectorTerminalSDK */ = {
			isa = XCSwiftPackageProductDependency;
			package = F766C66770B99FFD0D86DFFE /* XCRemoteSwiftPackageReference "VectorTerminalSDK" */;
			productName = VectorTerminalSDK;
		};
		2BE869386D81B9149D57D58B /* ActiveUICoreEditor */ = {
			isa = XCSwiftPackageProductDependency;
			productName = ActiveUICoreEditor;
		};
		4FCF7AE734FDC4B7B917BBD7 /* SwiftTerm */ = {
			isa = XCSwiftPackageProductDependency;
			productName = SwiftTerm;
		};
		50B80D301CFFA94A39A1AF20 /* DocumentArchive */ = {
			isa = XCSwiftPackageProductDependency;
			productName = DocumentArchive;
		};
		5AAB125FD1626D4E8281F069 /* DocumentArchive */ = {
			isa = XCSwiftPackageProductDependency;
			productName = DocumentArchive;
		};
		631B95E6F76EB92AAB7792ED /* ActiveUI */ = {
			isa = XCSwiftPackageProductDependency;
			productName = ActiveUI;
		};
		6794AFCFED8BF24845F1D2D0 /* MarkdownUI */ = {
			isa = XCSwiftPackageProductDependency;
			package = C29EBCC0C6B0AAF73AA789AB /* XCRemoteSwiftPackageReference "swift-markdown-ui" */;
			productName = MarkdownUI;
		};
		6A5BE94B977EEA0FFF0433E8 /* ActiveUICode */ = {
			isa = XCSwiftPackageProductDependency;
			productName = ActiveUICode;
		};
		717CF46DC0F9232475AACCEA /* ActiveUI */ = {
			isa = XCSwiftPackageProductDependency;
			productName = ActiveUI;
		};
		810D5F6D49EC115C4CFACF04 /* ActiveUIMarkdown */ = {
			isa = XCSwiftPackageProductDependency;
			productName = ActiveUIMarkdown;
		};
		8964F8C16B54EDC134459B2E /* VectorTerminalSDK */ = {
			isa = XCSwiftPackageProductDependency;
			package = F766C66770B99FFD0D86DFFE /* XCRemoteSwiftPackageReference "VectorTerminalSDK" */;
			productName = VectorTerminalSDK;
		};
		955277B154524A585B8D179D /* SwiftyCodeEditor */ = {
			isa = XCSwiftPackageProductDependency;
			productName = SwiftyCodeEditor;
		};
		A5E611364F88C87B9EAAD4AF /* BASICCore */ = {
			isa = XCSwiftPackageProductDependency;
			productName = BASICCore;
		};
		D9A4F83464CADD0769EA55F8 /* ActiveUIMarkdown */ = {
			isa = XCSwiftPackageProductDependency;
			productName = ActiveUIMarkdown;
		};
		EF38E292B830FC5A0F76CE1D /* MarkdownUI */ = {
			isa = XCSwiftPackageProductDependency;
			package = C29EBCC0C6B0AAF73AA789AB /* XCRemoteSwiftPackageReference "swift-markdown-ui" */;
			productName = MarkdownUI;
		};
		F996DC30A96A7927F54B377C /* BASICCore */ = {
			isa = XCSwiftPackageProductDependency;
			productName = BASICCore;
		};
/* End XCSwiftPackageProductDependency section */
	};
	rootObject = 70F0BCEAC4CE73C929655E60 /* Project object */;
}
